// !$*UTF8*$!
{
	archiveVersion = 1;
	classes = {
	};
	objectVersion = 46;
	objects = {

/* Begin PBXBuildFile section */
		E72BF4EB1A3A5C88002DE8CB /* colorsources.cpp in Sources */ = {isa = PBXBuildFile; fileRef = E72BF4EA1A3A5C88002DE8CB /* colorsources.cpp */; };
		E760EC5C1A2E546200737A89 /* buffertool.cpp in Sources */ = {isa = PBXBuildFile; fileRef = E760EC1A1A2E546200737A89 /* buffertool.cpp */; };
		E760EC5D1A2E546200737A89 /* colors.cpp in Sources */ = {isa = PBXBuildFile; fileRef = E760EC1C1A2E546200737A89 /* colors.cpp */; };
		E760EC5E1A2E546200737A89 /* hitinfo.cpp in Sources */ = {isa = PBXBuildFile; fileRef = E760EC1E1A2E546200737A89 /* hitinfo.cpp */; };
		E760EC5F1A2E546200737A89 /* intersect.cpp in Sources */ = {isa = PBXBuildFile; fileRef = E760EC201A2E546200737A89 /* intersect.cpp */; };
		E760EC601A2E546200737A89 /* material.cpp in Sources */ = {isa = PBXBuildFile; fileRef = E760EC241A2E546200737A89 /* material.cpp */; };
		E760EC611A2E546200737A89 /* materials.cpp in Sources */ = {isa = PBXBuildFile; fileRef = E760EC261A2E546200737A89 /* materials.cpp */; };
		E760EC621A2E546200737A89 /* rayinfo.cpp in Sources */ = {isa = PBXBuildFile; fileRef = E760EC2A1A2E546200737A89 /* rayinfo.cpp */; };
		E760EC631A2E546200737A89 /* camera.cpp in Sources */ = {isa = PBXBuildFile; fileRef = E760EC2D1A2E546200737A89 /* camera.cpp */; };
		E760EC641A2E546200737A89 /* node.cpp in Sources */ = {isa = PBXBuildFile; fileRef = E760EC2F1A2E546200737A89 /* node.cpp */; };
		E760EC651A2E546200737A89 /* scene.cpp in Sources */ = {isa = PBXBuildFile; fileRef = E760EC311A2E546200737A89 /* scene.cpp */; };
		E760EC661A2E546200737A89 /* sphere.cpp in Sources */ = {isa = PBXBuildFile; fileRef = E760EC331A2E546200737A89 /* sphere.cpp */; };
		E760EC671A2E546200737A89 /* world.cpp in Sources */ = {isa = PBXBuildFile; fileRef = E760EC351A2E546200737A89 /* world.cpp */; };
		E760EC681A2E546200737A89 /* sceneloader.cpp in Sources */ = {isa = PBXBuildFile; fileRef = E760EC371A2E546200737A89 /* sceneloader.cpp */; };
		E760EC691A2E546200737A89 /* blank.cpp in Sources */ = {isa = PBXBuildFile; fileRef = E760EC391A2E546200737A89 /* blank.cpp */; };
		E760EC6A1A2E546200737A89 /* dev.cpp in Sources */ = {isa = PBXBuildFile; fileRef = E760EC3A1A2E546200737A89 /* dev.cpp */; };
		E760EC6B1A2E546200737A89 /* legacy.cpp in Sources */ = {isa = PBXBuildFile; fileRef = E760EC3B1A2E546200737A89 /* legacy.cpp */; };
		E760EC6C1A2E546200737A89 /* tracker.cpp in Sources */ = {isa = PBXBuildFile; fileRef = E760EC3E1A2E546200737A89 /* tracker.cpp */; };
		E760EC6D1A2E546200737A89 /* colortools.cpp in Sources */ = {isa = PBXBuildFile; fileRef = E760EC421A2E546200737A89 /* colortools.cpp */; };
		E760EC6E1A2E546200737A89 /* corerandom.cpp in Sources */ = {isa = PBXBuildFile; fileRef = E760EC451A2E546200737A89 /* corerandom.cpp */; };
		E760EC6F1A2E546200737A89 /* helpers.cpp in Sources */ = {isa = PBXBuildFile; fileRef = E760EC471A2E546200737A89 /* helpers.cpp */; };
		E760EC701A2E546200737A89 /* init.cpp in Sources */ = {isa = PBXBuildFile; fileRef = E760EC4A1A2E546200737A89 /* init.cpp */; };
		E760EC711A2E546200737A89 /* log.cpp in Sources */ = {isa = PBXBuildFile; fileRef = E760EC4C1A2E546200737A89 /* log.cpp */; };
		E760EC721A2E546200737A89 /* native.cpp in Sources */ = {isa = PBXBuildFile; fileRef = E760EC4F1A2E546200737A89 /* native.cpp */; };
		E760EC731A2E546200737A89 /* tgalib.cpp in Sources */ = {isa = PBXBuildFile; fileRef = E760EC501A2E546200737A89 /* tgalib.cpp */; };
		E760EC741A2E546200737A89 /* outputvideo.cpp in Sources */ = {isa = PBXBuildFile; fileRef = E760EC541A2E546200737A89 /* outputvideo.cpp */; };
		E760EC751A2E546200737A89 /* pixelformat.cpp in Sources */ = {isa = PBXBuildFile; fileRef = E760EC561A2E546200737A89 /* pixelformat.cpp */; };
		E7B4E07D1A2E7E0D00A7C565 /* config.cpp in Sources */ = {isa = PBXBuildFile; fileRef = E7B4E07C1A2E7E0D00A7C565 /* config.cpp */; };
		E7B4E07E1A2E84A800A7C565 /* init.js in CopyFiles */ = {isa = PBXBuildFile; fileRef = E760EC121A2DA7BC00737A89 /* init.js */; };
		E7B4E09D1A2F7D2000A7C565 /* TinyJS.cpp in Sources */ = {isa = PBXBuildFile; fileRef = E7B4E0971A2F7D2000A7C565 /* TinyJS.cpp */; };
		E7B4E09E1A2F7D2000A7C565 /* TinyJS_Functions.cpp in Sources */ = {isa = PBXBuildFile; fileRef = E7B4E0991A2F7D2000A7C565 /* TinyJS_Functions.cpp */; };
		E7B4E09F1A2F7D2000A7C565 /* TinyJS_MathFunctions.cpp in Sources */ = {isa = PBXBuildFile; fileRef = E7B4E09B1A2F7D2000A7C565 /* TinyJS_MathFunctions.cpp */; };
		E7B4E0A11A3526E300A7C565 /* test.json in CopyFiles */ = {isa = PBXBuildFile; fileRef = E7B4E0A01A3526D500A7C565 /* test.json */; };
		E7B4E0A41A375B6100A7C565 /* disc.cpp in Sources */ = {isa = PBXBuildFile; fileRef = E7B4E0A31A375B6100A7C565 /* disc.cpp */; };
		E7B4E0FA1A39FEE400A7C565 /* README.md in Sources */ = {isa = PBXBuildFile; fileRef = E7B4E0C21A39FEE400A7C565 /* README.md */; };
		E7C852A71A0645CD00478AC0 /* main.cpp in Sources */ = {isa = PBXBuildFile; fileRef = E7C852A61A0645CD00478AC0 /* main.cpp */; };
		E7C854021A0649C100478AC0 /* glm.cpp in Sources */ = {isa = PBXBuildFile; fileRef = E7C853201A0649C000478AC0 /* glm.cpp */; };
		E7C854B21A13626600478AC0 /* jsoncpp.cpp in Sources */ = {isa = PBXBuildFile; fileRef = E7C854B11A13626600478AC0 /* jsoncpp.cpp */; };
		E7C854BD1A15806600478AC0 /* scene.json in CopyFiles */ = {isa = PBXBuildFile; fileRef = E7C854B61A14271F00478AC0 /* scene.json */; };
/* End PBXBuildFile section */

/* Begin PBXCopyFilesBuildPhase section */
		E7C852A11A0645CD00478AC0 /* CopyFiles */ = {
			isa = PBXCopyFilesBuildPhase;
			buildActionMask = 12;
			dstPath = "";
			dstSubfolderSpec = 16;
			files = (
				E7B4E0A11A3526E300A7C565 /* test.json in CopyFiles */,
				E7B4E07E1A2E84A800A7C565 /* init.js in CopyFiles */,
				E7C854BD1A15806600478AC0 /* scene.json in CopyFiles */,
			);
			runOnlyForDeploymentPostprocessing = 0;
		};
/* End PBXCopyFilesBuildPhase section */

/* Begin PBXFileReference section */
		E72BF4E51A3A0331002DE8CB /* pixelbuffer */ = {isa = PBXFileReference; explicitFileType = sourcecode.cpp.h; fileEncoding = 4; path = pixelbuffer; sourceTree = "<group>"; };
		E72BF4E61A3A584A002DE8CB /* colorsource */ = {isa = PBXFileReference; explicitFileType = sourcecode.cpp.h; fileEncoding = 4; path = colorsource; sourceTree = "<group>"; };
		E72BF4E71A3A5C4B002DE8CB /* colorsources */ = {isa = PBXFileReference; explicitFileType = sourcecode.cpp.h; fileEncoding = 4; path = colorsources; sourceTree = "<group>"; };
		E72BF4EA1A3A5C88002DE8CB /* colorsources.cpp */ = {isa = PBXFileReference; fileEncoding = 4; lastKnownFileType = sourcecode.cpp.cpp; path = colorsources.cpp; sourceTree = "<group>"; };
		E760EC121A2DA7BC00737A89 /* init.js */ = {isa = PBXFileReference; fileEncoding = 4; lastKnownFileType = sourcecode.javascript; path = init.js; sourceTree = "<group>"; };
		E760EC171A2E546200737A89 /* action */ = {isa = PBXFileReference; explicitFileType = sourcecode.cpp.h; fileEncoding = 4; path = action; sourceTree = "<group>"; };
		E760EC191A2E546200737A89 /* buffertool */ = {isa = PBXFileReference; explicitFileType = sourcecode.cpp.h; fileEncoding = 4; path = buffertool; sourceTree = "<group>"; };
		E760EC1A1A2E546200737A89 /* buffertool.cpp */ = {isa = PBXFileReference; fileEncoding = 4; lastKnownFileType = sourcecode.cpp.cpp; path = buffertool.cpp; sourceTree = "<group>"; };
		E760EC1B1A2E546200737A89 /* colors */ = {isa = PBXFileReference; explicitFileType = sourcecode.cpp.h; fileEncoding = 4; path = colors; sourceTree = "<group>"; };
		E760EC1C1A2E546200737A89 /* colors.cpp */ = {isa = PBXFileReference; fileEncoding = 4; lastKnownFileType = sourcecode.cpp.cpp; path = colors.cpp; sourceTree = "<group>"; };
		E760EC1D1A2E546200737A89 /* hitinfo */ = {isa = PBXFileReference; explicitFileType = sourcecode.cpp.h; fileEncoding = 4; path = hitinfo; sourceTree = "<group>"; };
		E760EC1E1A2E546200737A89 /* hitinfo.cpp */ = {isa = PBXFileReference; fileEncoding = 4; lastKnownFileType = sourcecode.cpp.cpp; path = hitinfo.cpp; sourceTree = "<group>"; };
		E760EC1F1A2E546200737A89 /* intersect */ = {isa = PBXFileReference; explicitFileType = sourcecode.cpp.h; fileEncoding = 4; path = intersect; sourceTree = "<group>"; };
		E760EC201A2E546200737A89 /* intersect.cpp */ = {isa = PBXFileReference; fileEncoding = 4; lastKnownFileType = sourcecode.cpp.cpp; path = intersect.cpp; sourceTree = "<group>"; };
		E760EC221A2E546200737A89 /* line */ = {isa = PBXFileReference; explicitFileType = sourcecode.cpp.h; fileEncoding = 4; path = line; sourceTree = "<group>"; };
		E760EC231A2E546200737A89 /* material */ = {isa = PBXFileReference; explicitFileType = sourcecode.cpp.h; fileEncoding = 4; path = material; sourceTree = "<group>"; };
		E760EC241A2E546200737A89 /* material.cpp */ = {isa = PBXFileReference; fileEncoding = 4; lastKnownFileType = sourcecode.cpp.cpp; path = material.cpp; sourceTree = "<group>"; };
		E760EC251A2E546200737A89 /* materials */ = {isa = PBXFileReference; explicitFileType = sourcecode.cpp.h; fileEncoding = 4; path = materials; sourceTree = "<group>"; };
		E760EC261A2E546200737A89 /* materials.cpp */ = {isa = PBXFileReference; fileEncoding = 4; lastKnownFileType = sourcecode.cpp.cpp; path = materials.cpp; sourceTree = "<group>"; };
		E760EC281A2E546200737A89 /* ray */ = {isa = PBXFileReference; explicitFileType = sourcecode.cpp.h; fileEncoding = 4; path = ray; sourceTree = "<group>"; };
		E760EC291A2E546200737A89 /* rayinfo */ = {isa = PBXFileReference; explicitFileType = sourcecode.cpp.h; fileEncoding = 4; path = rayinfo; sourceTree = "<group>"; };
		E760EC2A1A2E546200737A89 /* rayinfo.cpp */ = {isa = PBXFileReference; fileEncoding = 4; lastKnownFileType = sourcecode.cpp.cpp; path = rayinfo.cpp; sourceTree = "<group>"; };
		E760EC2C1A2E546200737A89 /* camera */ = {isa = PBXFileReference; explicitFileType = sourcecode.cpp.h; fileEncoding = 4; path = camera; sourceTree = "<group>"; };
		E760EC2D1A2E546200737A89 /* camera.cpp */ = {isa = PBXFileReference; fileEncoding = 4; lastKnownFileType = sourcecode.cpp.cpp; path = camera.cpp; sourceTree = "<group>"; };
		E760EC2E1A2E546200737A89 /* node */ = {isa = PBXFileReference; explicitFileType = sourcecode.cpp.h; fileEncoding = 4; path = node; sourceTree = "<group>"; };
		E760EC2F1A2E546200737A89 /* node.cpp */ = {isa = PBXFileReference; fileEncoding = 4; lastKnownFileType = sourcecode.cpp.cpp; path = node.cpp; sourceTree = "<group>"; };
		E760EC301A2E546200737A89 /* scene */ = {isa = PBXFileReference; explicitFileType = sourcecode.cpp.h; fileEncoding = 4; path = scene; sourceTree = "<group>"; };
		E760EC311A2E546200737A89 /* scene.cpp */ = {isa = PBXFileReference; fileEncoding = 4; lastKnownFileType = sourcecode.cpp.cpp; path = scene.cpp; sourceTree = "<group>"; };
		E760EC321A2E546200737A89 /* sphere */ = {isa = PBXFileReference; explicitFileType = sourcecode.cpp.h; fileEncoding = 4; path = sphere; sourceTree = "<group>"; };
		E760EC331A2E546200737A89 /* sphere.cpp */ = {isa = PBXFileReference; fileEncoding = 4; lastKnownFileType = sourcecode.cpp.cpp; path = sphere.cpp; sourceTree = "<group>"; };
		E760EC341A2E546200737A89 /* world */ = {isa = PBXFileReference; explicitFileType = sourcecode.cpp.h; fileEncoding = 4; path = world; sourceTree = "<group>"; };
		E760EC351A2E546200737A89 /* world.cpp */ = {isa = PBXFileReference; fileEncoding = 4; lastKnownFileType = sourcecode.cpp.cpp; path = world.cpp; sourceTree = "<group>"; };
		E760EC361A2E546200737A89 /* sceneloader */ = {isa = PBXFileReference; explicitFileType = sourcecode.cpp.h; fileEncoding = 4; path = sceneloader; sourceTree = "<group>"; };
		E760EC371A2E546200737A89 /* sceneloader.cpp */ = {isa = PBXFileReference; fileEncoding = 4; lastKnownFileType = sourcecode.cpp.cpp; path = sceneloader.cpp; sourceTree = "<group>"; };
		E760EC391A2E546200737A89 /* blank.cpp */ = {isa = PBXFileReference; fileEncoding = 4; lastKnownFileType = sourcecode.cpp.cpp; path = blank.cpp; sourceTree = "<group>"; };
		E760EC3A1A2E546200737A89 /* dev.cpp */ = {isa = PBXFileReference; fileEncoding = 4; lastKnownFileType = sourcecode.cpp.cpp; path = dev.cpp; sourceTree = "<group>"; };
		E760EC3B1A2E546200737A89 /* legacy.cpp */ = {isa = PBXFileReference; fileEncoding = 4; lastKnownFileType = sourcecode.cpp.cpp; path = legacy.cpp; sourceTree = "<group>"; };
		E760EC3C1A2E546200737A89 /* solver */ = {isa = PBXFileReference; explicitFileType = sourcecode.cpp.cpp.preprocessed; fileEncoding = 4; path = solver; sourceTree = "<group>"; };
		E760EC3D1A2E546200737A89 /* tracker */ = {isa = PBXFileReference; explicitFileType = sourcecode.cpp.h; fileEncoding = 4; path = tracker; sourceTree = "<group>"; };
		E760EC3E1A2E546200737A89 /* tracker.cpp */ = {isa = PBXFileReference; fileEncoding = 4; lastKnownFileType = sourcecode.cpp.cpp; path = tracker.cpp; sourceTree = "<group>"; };
		E760EC401A2E546200737A89 /* application */ = {isa = PBXFileReference; explicitFileType = sourcecode.cpp.h; fileEncoding = 4; path = application; sourceTree = "<group>"; };
		E760EC411A2E546200737A89 /* colortools */ = {isa = PBXFileReference; explicitFileType = sourcecode.cpp.h; fileEncoding = 4; path = colortools; sourceTree = "<group>"; };
		E760EC421A2E546200737A89 /* colortools.cpp */ = {isa = PBXFileReference; fileEncoding = 4; lastKnownFileType = sourcecode.cpp.cpp; path = colortools.cpp; sourceTree = "<group>"; };
		E760EC431A2E546200737A89 /* config */ = {isa = PBXFileReference; explicitFileType = sourcecode.cpp.h; fileEncoding = 4; path = config; sourceTree = "<group>"; };
		E760EC441A2E546200737A89 /* corerandom */ = {isa = PBXFileReference; explicitFileType = sourcecode.cpp.h; fileEncoding = 4; path = corerandom; sourceTree = "<group>"; };
		E760EC451A2E546200737A89 /* corerandom.cpp */ = {isa = PBXFileReference; fileEncoding = 4; lastKnownFileType = sourcecode.cpp.cpp; path = corerandom.cpp; sourceTree = "<group>"; };
		E760EC461A2E546200737A89 /* helpers */ = {isa = PBXFileReference; explicitFileType = sourcecode.cpp.h; fileEncoding = 4; path = helpers; sourceTree = "<group>"; };
		E760EC471A2E546200737A89 /* helpers.cpp */ = {isa = PBXFileReference; fileEncoding = 4; lastKnownFileType = sourcecode.cpp.cpp; path = helpers.cpp; sourceTree = "<group>"; };
		E760EC491A2E546200737A89 /* init */ = {isa = PBXFileReference; explicitFileType = sourcecode.cpp.h; fileEncoding = 4; path = init; sourceTree = "<group>"; };
		E760EC4A1A2E546200737A89 /* init.cpp */ = {isa = PBXFileReference; fileEncoding = 4; lastKnownFileType = sourcecode.cpp.cpp; path = init.cpp; sourceTree = "<group>"; };
		E760EC4B1A2E546200737A89 /* log */ = {isa = PBXFileReference; explicitFileType = sourcecode.cpp.h; fileEncoding = 4; path = log; sourceTree = "<group>"; };
		E760EC4C1A2E546200737A89 /* log.cpp */ = {isa = PBXFileReference; fileEncoding = 4; lastKnownFileType = sourcecode.cpp.cpp; path = log.cpp; sourceTree = "<group>"; };
		E760EC4D1A2E546200737A89 /* native */ = {isa = PBXFileReference; explicitFileType = sourcecode.cpp.h; fileEncoding = 4; path = native; sourceTree = "<group>"; };
		E760EC4F1A2E546200737A89 /* native.cpp */ = {isa = PBXFileReference; fileEncoding = 4; lastKnownFileType = sourcecode.cpp.cpp; path = native.cpp; sourceTree = "<group>"; };
		E760EC501A2E546200737A89 /* tgalib.cpp */ = {isa = PBXFileReference; fileEncoding = 4; lastKnownFileType = sourcecode.cpp.cpp; path = tgalib.cpp; sourceTree = "<group>"; };
		E760EC511A2E546200737A89 /* tgalib.hpp */ = {isa = PBXFileReference; fileEncoding = 4; lastKnownFileType = sourcecode.cpp.h; path = tgalib.hpp; sourceTree = "<group>"; };
		E760EC521A2E546200737A89 /* os */ = {isa = PBXFileReference; explicitFileType = sourcecode.cpp.h; fileEncoding = 4; path = os; sourceTree = "<group>"; };
		E760EC531A2E546200737A89 /* outputvideo */ = {isa = PBXFileReference; explicitFileType = sourcecode.cpp.h; fileEncoding = 4; path = outputvideo; sourceTree = "<group>"; };
		E760EC541A2E546200737A89 /* outputvideo.cpp */ = {isa = PBXFileReference; fileEncoding = 4; lastKnownFileType = sourcecode.cpp.cpp; path = outputvideo.cpp; sourceTree = "<group>"; };
		E760EC551A2E546200737A89 /* pixelformat */ = {isa = PBXFileReference; explicitFileType = sourcecode.cpp.h; fileEncoding = 4; path = pixelformat; sourceTree = "<group>"; };
		E760EC561A2E546200737A89 /* pixelformat.cpp */ = {isa = PBXFileReference; fileEncoding = 4; lastKnownFileType = sourcecode.cpp.cpp; path = pixelformat.cpp; sourceTree = "<group>"; };
		E760EC571A2E546200737A89 /* singleton */ = {isa = PBXFileReference; explicitFileType = sourcecode.cpp.h; fileEncoding = 4; path = singleton; sourceTree = "<group>"; };
		E760EC581A2E546200737A89 /* stdgfx */ = {isa = PBXFileReference; explicitFileType = sourcecode.cpp.h; fileEncoding = 4; path = stdgfx; sourceTree = "<group>"; };
		E760EC591A2E546200737A89 /* stdtypes */ = {isa = PBXFileReference; explicitFileType = sourcecode.cpp.h; fileEncoding = 4; path = stdtypes; sourceTree = "<group>"; };
		E760EC5A1A2E546200737A89 /* tcolor */ = {isa = PBXFileReference; explicitFileType = sourcecode.cpp.h; fileEncoding = 4; path = tcolor; sourceTree = "<group>"; };
		E760EC5B1A2E546200737A89 /* traccore */ = {isa = PBXFileReference; explicitFileType = sourcecode.cpp.h; fileEncoding = 4; path = traccore; sourceTree = "<group>"; };
		E7B4E07C1A2E7E0D00A7C565 /* config.cpp */ = {isa = PBXFileReference; fileEncoding = 4; lastKnownFileType = sourcecode.cpp.cpp; path = config.cpp; sourceTree = "<group>"; };
		E7B4E0971A2F7D2000A7C565 /* TinyJS.cpp */ = {isa = PBXFileReference; fileEncoding = 4; lastKnownFileType = sourcecode.cpp.cpp; path = TinyJS.cpp; sourceTree = "<group>"; };
		E7B4E0981A2F7D2000A7C565 /* TinyJS.h */ = {isa = PBXFileReference; fileEncoding = 4; lastKnownFileType = sourcecode.c.h; path = TinyJS.h; sourceTree = "<group>"; };
		E7B4E0991A2F7D2000A7C565 /* TinyJS_Functions.cpp */ = {isa = PBXFileReference; fileEncoding = 4; lastKnownFileType = sourcecode.cpp.cpp; path = TinyJS_Functions.cpp; sourceTree = "<group>"; };
		E7B4E09A1A2F7D2000A7C565 /* TinyJS_Functions.h */ = {isa = PBXFileReference; fileEncoding = 4; lastKnownFileType = sourcecode.c.h; path = TinyJS_Functions.h; sourceTree = "<group>"; };
		E7B4E09B1A2F7D2000A7C565 /* TinyJS_MathFunctions.cpp */ = {isa = PBXFileReference; fileEncoding = 4; lastKnownFileType = sourcecode.cpp.cpp; path = TinyJS_MathFunctions.cpp; sourceTree = "<group>"; };
		E7B4E09C1A2F7D2000A7C565 /* TinyJS_MathFunctions.h */ = {isa = PBXFileReference; fileEncoding = 4; lastKnownFileType = sourcecode.c.h; path = TinyJS_MathFunctions.h; sourceTree = "<group>"; };
		E7B4E0A01A3526D500A7C565 /* test.json */ = {isa = PBXFileReference; fileEncoding = 4; lastKnownFileType = text.json; path = test.json; sourceTree = "<group>"; };
		E7B4E0A21A375B6100A7C565 /* disc */ = {isa = PBXFileReference; explicitFileType = sourcecode.cpp.h; fileEncoding = 4; path = disc; sourceTree = "<group>"; };
		E7B4E0A31A375B6100A7C565 /* disc.cpp */ = {isa = PBXFileReference; fileEncoding = 4; lastKnownFileType = sourcecode.cpp.cpp; path = disc.cpp; sourceTree = "<group>"; };
		E7B4E0C21A39FEE400A7C565 /* README.md */ = {isa = PBXFileReference; fileEncoding = 4; lastKnownFileType = net.daringfireball.markdown; path = README.md; sourceTree = "<group>"; };
		E7B4E0C81A39FEE400A7C565 /* stb_image.h */ = {isa = PBXFileReference; fileEncoding = 4; lastKnownFileType = sourcecode.c.h; path = stb_image.h; sourceTree = "<group>"; };
		E7B4E0CA1A39FEE400A7C565 /* stb_image_write.h */ = {isa = PBXFileReference; fileEncoding = 4; lastKnownFileType = sourcecode.c.h; path = stb_image_write.h; sourceTree = "<group>"; };
		E7B4E0CB1A39FEE400A7C565 /* stb_perlin.h */ = {isa = PBXFileReference; fileEncoding = 4; lastKnownFileType = sourcecode.c.h; path = stb_perlin.h; sourceTree = "<group>"; };
		E7C852A31A0645CD00478AC0 /* Tracker */ = {isa = PBXFileReference; explicitFileType = "compiled.mach-o.executable"; includeInIndex = 0; path = Tracker; sourceTree = BUILT_PRODUCTS_DIR; };
		E7C852A61A0645CD00478AC0 /* main.cpp */ = {isa = PBXFileReference; lastKnownFileType = sourcecode.cpp.cpp; path = main.cpp; sourceTree = "<group>"; };
		E7C852E01A06463400478AC0 /* defines.h */ = {isa = PBXFileReference; fileEncoding = 4; lastKnownFileType = sourcecode.c.h; path = defines.h; sourceTree = "<group>"; };
		E7C853041A0649C000478AC0 /* CMakeLists.txt */ = {isa = PBXFileReference; fileEncoding = 4; lastKnownFileType = text; path = CMakeLists.txt; sourceTree = "<group>"; };
		E7C853051A0649C000478AC0 /* common.hpp */ = {isa = PBXFileReference; fileEncoding = 4; lastKnownFileType = sourcecode.cpp.h; path = common.hpp; sourceTree = "<group>"; };
		E7C853071A0649C000478AC0 /* _features.hpp */ = {isa = PBXFileReference; fileEncoding = 4; lastKnownFileType = sourcecode.cpp.h; path = _features.hpp; sourceTree = "<group>"; };
		E7C853081A0649C000478AC0 /* _fixes.hpp */ = {isa = PBXFileReference; fileEncoding = 4; lastKnownFileType = sourcecode.cpp.h; path = _fixes.hpp; sourceTree = "<group>"; };
		E7C853091A0649C000478AC0 /* _literals.hpp */ = {isa = PBXFileReference; fileEncoding = 4; lastKnownFileType = sourcecode.cpp.h; path = _literals.hpp; sourceTree = "<group>"; };
		E7C8530A1A0649C000478AC0 /* _noise.hpp */ = {isa = PBXFileReference; fileEncoding = 4; lastKnownFileType = sourcecode.cpp.h; path = _noise.hpp; sourceTree = "<group>"; };
		E7C8530B1A0649C000478AC0 /* _swizzle.hpp */ = {isa = PBXFileReference; fileEncoding = 4; lastKnownFileType = sourcecode.cpp.h; path = _swizzle.hpp; sourceTree = "<group>"; };
		E7C8530C1A0649C000478AC0 /* _swizzle_func.hpp */ = {isa = PBXFileReference; fileEncoding = 4; lastKnownFileType = sourcecode.cpp.h; path = _swizzle_func.hpp; sourceTree = "<group>"; };
		E7C8530D1A0649C000478AC0 /* _vectorize.hpp */ = {isa = PBXFileReference; fileEncoding = 4; lastKnownFileType = sourcecode.cpp.h; path = _vectorize.hpp; sourceTree = "<group>"; };
		E7C8530E1A0649C000478AC0 /* func_common.hpp */ = {isa = PBXFileReference; fileEncoding = 4; lastKnownFileType = sourcecode.cpp.h; path = func_common.hpp; sourceTree = "<group>"; };
		E7C8530F1A0649C000478AC0 /* func_common.inl */ = {isa = PBXFileReference; fileEncoding = 4; lastKnownFileType = text; path = func_common.inl; sourceTree = "<group>"; };
		E7C853101A0649C000478AC0 /* func_exponential.hpp */ = {isa = PBXFileReference; fileEncoding = 4; lastKnownFileType = sourcecode.cpp.h; path = func_exponential.hpp; sourceTree = "<group>"; };
		E7C853111A0649C000478AC0 /* func_exponential.inl */ = {isa = PBXFileReference; fileEncoding = 4; lastKnownFileType = text; path = func_exponential.inl; sourceTree = "<group>"; };
		E7C853121A0649C000478AC0 /* func_geometric.hpp */ = {isa = PBXFileReference; fileEncoding = 4; lastKnownFileType = sourcecode.cpp.h; path = func_geometric.hpp; sourceTree = "<group>"; };
		E7C853131A0649C000478AC0 /* func_geometric.inl */ = {isa = PBXFileReference; fileEncoding = 4; lastKnownFileType = text; path = func_geometric.inl; sourceTree = "<group>"; };
		E7C853141A0649C000478AC0 /* func_integer.hpp */ = {isa = PBXFileReference; fileEncoding = 4; lastKnownFileType = sourcecode.cpp.h; path = func_integer.hpp; sourceTree = "<group>"; };
		E7C853151A0649C000478AC0 /* func_integer.inl */ = {isa = PBXFileReference; fileEncoding = 4; lastKnownFileType = text; path = func_integer.inl; sourceTree = "<group>"; };
		E7C853161A0649C000478AC0 /* func_matrix.hpp */ = {isa = PBXFileReference; fileEncoding = 4; lastKnownFileType = sourcecode.cpp.h; path = func_matrix.hpp; sourceTree = "<group>"; };
		E7C853171A0649C000478AC0 /* func_matrix.inl */ = {isa = PBXFileReference; fileEncoding = 4; lastKnownFileType = text; path = func_matrix.inl; sourceTree = "<group>"; };
		E7C853181A0649C000478AC0 /* func_noise.hpp */ = {isa = PBXFileReference; fileEncoding = 4; lastKnownFileType = sourcecode.cpp.h; path = func_noise.hpp; sourceTree = "<group>"; };
		E7C853191A0649C000478AC0 /* func_noise.inl */ = {isa = PBXFileReference; fileEncoding = 4; lastKnownFileType = text; path = func_noise.inl; sourceTree = "<group>"; };
		E7C8531A1A0649C000478AC0 /* func_packing.hpp */ = {isa = PBXFileReference; fileEncoding = 4; lastKnownFileType = sourcecode.cpp.h; path = func_packing.hpp; sourceTree = "<group>"; };
		E7C8531B1A0649C000478AC0 /* func_packing.inl */ = {isa = PBXFileReference; fileEncoding = 4; lastKnownFileType = text; path = func_packing.inl; sourceTree = "<group>"; };
		E7C8531C1A0649C000478AC0 /* func_trigonometric.hpp */ = {isa = PBXFileReference; fileEncoding = 4; lastKnownFileType = sourcecode.cpp.h; path = func_trigonometric.hpp; sourceTree = "<group>"; };
		E7C8531D1A0649C000478AC0 /* func_trigonometric.inl */ = {isa = PBXFileReference; fileEncoding = 4; lastKnownFileType = text; path = func_trigonometric.inl; sourceTree = "<group>"; };
		E7C8531E1A0649C000478AC0 /* func_vector_relational.hpp */ = {isa = PBXFileReference; fileEncoding = 4; lastKnownFileType = sourcecode.cpp.h; path = func_vector_relational.hpp; sourceTree = "<group>"; };
		E7C8531F1A0649C000478AC0 /* func_vector_relational.inl */ = {isa = PBXFileReference; fileEncoding = 4; lastKnownFileType = text; path = func_vector_relational.inl; sourceTree = "<group>"; };
		E7C853201A0649C000478AC0 /* glm.cpp */ = {isa = PBXFileReference; fileEncoding = 4; lastKnownFileType = sourcecode.cpp.cpp; path = glm.cpp; sourceTree = "<group>"; };
		E7C853211A0649C000478AC0 /* hint.hpp */ = {isa = PBXFileReference; fileEncoding = 4; lastKnownFileType = sourcecode.cpp.h; path = hint.hpp; sourceTree = "<group>"; };
		E7C853221A0649C000478AC0 /* intrinsic_common.hpp */ = {isa = PBXFileReference; fileEncoding = 4; lastKnownFileType = sourcecode.cpp.h; path = intrinsic_common.hpp; sourceTree = "<group>"; };
		E7C853231A0649C000478AC0 /* intrinsic_common.inl */ = {isa = PBXFileReference; fileEncoding = 4; lastKnownFileType = text; path = intrinsic_common.inl; sourceTree = "<group>"; };
		E7C853241A0649C000478AC0 /* intrinsic_exponential.hpp */ = {isa = PBXFileReference; fileEncoding = 4; lastKnownFileType = sourcecode.cpp.h; path = intrinsic_exponential.hpp; sourceTree = "<group>"; };
		E7C853251A0649C000478AC0 /* intrinsic_exponential.inl */ = {isa = PBXFileReference; fileEncoding = 4; lastKnownFileType = text; path = intrinsic_exponential.inl; sourceTree = "<group>"; };
		E7C853261A0649C000478AC0 /* intrinsic_geometric.hpp */ = {isa = PBXFileReference; fileEncoding = 4; lastKnownFileType = sourcecode.cpp.h; path = intrinsic_geometric.hpp; sourceTree = "<group>"; };
		E7C853271A0649C100478AC0 /* intrinsic_geometric.inl */ = {isa = PBXFileReference; fileEncoding = 4; lastKnownFileType = text; path = intrinsic_geometric.inl; sourceTree = "<group>"; };
		E7C853281A0649C100478AC0 /* intrinsic_integer.hpp */ = {isa = PBXFileReference; fileEncoding = 4; lastKnownFileType = sourcecode.cpp.h; path = intrinsic_integer.hpp; sourceTree = "<group>"; };
		E7C853291A0649C100478AC0 /* intrinsic_integer.inl */ = {isa = PBXFileReference; fileEncoding = 4; lastKnownFileType = text; path = intrinsic_integer.inl; sourceTree = "<group>"; };
		E7C8532A1A0649C100478AC0 /* intrinsic_matrix.hpp */ = {isa = PBXFileReference; fileEncoding = 4; lastKnownFileType = sourcecode.cpp.h; path = intrinsic_matrix.hpp; sourceTree = "<group>"; };
		E7C8532B1A0649C100478AC0 /* intrinsic_matrix.inl */ = {isa = PBXFileReference; fileEncoding = 4; lastKnownFileType = text; path = intrinsic_matrix.inl; sourceTree = "<group>"; };
		E7C8532C1A0649C100478AC0 /* intrinsic_trigonometric.hpp */ = {isa = PBXFileReference; fileEncoding = 4; lastKnownFileType = sourcecode.cpp.h; path = intrinsic_trigonometric.hpp; sourceTree = "<group>"; };
		E7C8532D1A0649C100478AC0 /* intrinsic_trigonometric.inl */ = {isa = PBXFileReference; fileEncoding = 4; lastKnownFileType = text; path = intrinsic_trigonometric.inl; sourceTree = "<group>"; };
		E7C8532E1A0649C100478AC0 /* intrinsic_vector_relational.hpp */ = {isa = PBXFileReference; fileEncoding = 4; lastKnownFileType = sourcecode.cpp.h; path = intrinsic_vector_relational.hpp; sourceTree = "<group>"; };
		E7C8532F1A0649C100478AC0 /* intrinsic_vector_relational.inl */ = {isa = PBXFileReference; fileEncoding = 4; lastKnownFileType = text; path = intrinsic_vector_relational.inl; sourceTree = "<group>"; };
		E7C853301A0649C100478AC0 /* precision.hpp */ = {isa = PBXFileReference; fileEncoding = 4; lastKnownFileType = sourcecode.cpp.h; path = precision.hpp; sourceTree = "<group>"; };
		E7C853311A0649C100478AC0 /* precision.inl */ = {isa = PBXFileReference; fileEncoding = 4; lastKnownFileType = text; path = precision.inl; sourceTree = "<group>"; };
		E7C853321A0649C100478AC0 /* setup.hpp */ = {isa = PBXFileReference; fileEncoding = 4; lastKnownFileType = sourcecode.cpp.h; path = setup.hpp; sourceTree = "<group>"; };
		E7C853331A0649C100478AC0 /* type_float.hpp */ = {isa = PBXFileReference; fileEncoding = 4; lastKnownFileType = sourcecode.cpp.h; path = type_float.hpp; sourceTree = "<group>"; };
		E7C853341A0649C100478AC0 /* type_gentype.hpp */ = {isa = PBXFileReference; fileEncoding = 4; lastKnownFileType = sourcecode.cpp.h; path = type_gentype.hpp; sourceTree = "<group>"; };
		E7C853351A0649C100478AC0 /* type_gentype.inl */ = {isa = PBXFileReference; fileEncoding = 4; lastKnownFileType = text; path = type_gentype.inl; sourceTree = "<group>"; };
		E7C853361A0649C100478AC0 /* type_half.hpp */ = {isa = PBXFileReference; fileEncoding = 4; lastKnownFileType = sourcecode.cpp.h; path = type_half.hpp; sourceTree = "<group>"; };
		E7C853371A0649C100478AC0 /* type_half.inl */ = {isa = PBXFileReference; fileEncoding = 4; lastKnownFileType = text; path = type_half.inl; sourceTree = "<group>"; };
		E7C853381A0649C100478AC0 /* type_int.hpp */ = {isa = PBXFileReference; fileEncoding = 4; lastKnownFileType = sourcecode.cpp.h; path = type_int.hpp; sourceTree = "<group>"; };
		E7C853391A0649C100478AC0 /* type_mat.hpp */ = {isa = PBXFileReference; fileEncoding = 4; lastKnownFileType = sourcecode.cpp.h; path = type_mat.hpp; sourceTree = "<group>"; };
		E7C8533A1A0649C100478AC0 /* type_mat.inl */ = {isa = PBXFileReference; fileEncoding = 4; lastKnownFileType = text; path = type_mat.inl; sourceTree = "<group>"; };
		E7C8533B1A0649C100478AC0 /* type_mat2x2.hpp */ = {isa = PBXFileReference; fileEncoding = 4; lastKnownFileType = sourcecode.cpp.h; path = type_mat2x2.hpp; sourceTree = "<group>"; };
		E7C8533C1A0649C100478AC0 /* type_mat2x2.inl */ = {isa = PBXFileReference; fileEncoding = 4; lastKnownFileType = text; path = type_mat2x2.inl; sourceTree = "<group>"; };
		E7C8533D1A0649C100478AC0 /* type_mat2x3.hpp */ = {isa = PBXFileReference; fileEncoding = 4; lastKnownFileType = sourcecode.cpp.h; path = type_mat2x3.hpp; sourceTree = "<group>"; };
		E7C8533E1A0649C100478AC0 /* type_mat2x3.inl */ = {isa = PBXFileReference; fileEncoding = 4; lastKnownFileType = text; path = type_mat2x3.inl; sourceTree = "<group>"; };
		E7C8533F1A0649C100478AC0 /* type_mat2x4.hpp */ = {isa = PBXFileReference; fileEncoding = 4; lastKnownFileType = sourcecode.cpp.h; path = type_mat2x4.hpp; sourceTree = "<group>"; };
		E7C853401A0649C100478AC0 /* type_mat2x4.inl */ = {isa = PBXFileReference; fileEncoding = 4; lastKnownFileType = text; path = type_mat2x4.inl; sourceTree = "<group>"; };
		E7C853411A0649C100478AC0 /* type_mat3x2.hpp */ = {isa = PBXFileReference; fileEncoding = 4; lastKnownFileType = sourcecode.cpp.h; path = type_mat3x2.hpp; sourceTree = "<group>"; };
		E7C853421A0649C100478AC0 /* type_mat3x2.inl */ = {isa = PBXFileReference; fileEncoding = 4; lastKnownFileType = text; path = type_mat3x2.inl; sourceTree = "<group>"; };
		E7C853431A0649C100478AC0 /* type_mat3x3.hpp */ = {isa = PBXFileReference; fileEncoding = 4; lastKnownFileType = sourcecode.cpp.h; path = type_mat3x3.hpp; sourceTree = "<group>"; };
		E7C853441A0649C100478AC0 /* type_mat3x3.inl */ = {isa = PBXFileReference; fileEncoding = 4; lastKnownFileType = text; path = type_mat3x3.inl; sourceTree = "<group>"; };
		E7C853451A0649C100478AC0 /* type_mat3x4.hpp */ = {isa = PBXFileReference; fileEncoding = 4; lastKnownFileType = sourcecode.cpp.h; path = type_mat3x4.hpp; sourceTree = "<group>"; };
		E7C853461A0649C100478AC0 /* type_mat3x4.inl */ = {isa = PBXFileReference; fileEncoding = 4; lastKnownFileType = text; path = type_mat3x4.inl; sourceTree = "<group>"; };
		E7C853471A0649C100478AC0 /* type_mat4x2.hpp */ = {isa = PBXFileReference; fileEncoding = 4; lastKnownFileType = sourcecode.cpp.h; path = type_mat4x2.hpp; sourceTree = "<group>"; };
		E7C853481A0649C100478AC0 /* type_mat4x2.inl */ = {isa = PBXFileReference; fileEncoding = 4; lastKnownFileType = text; path = type_mat4x2.inl; sourceTree = "<group>"; };
		E7C853491A0649C100478AC0 /* type_mat4x3.hpp */ = {isa = PBXFileReference; fileEncoding = 4; lastKnownFileType = sourcecode.cpp.h; path = type_mat4x3.hpp; sourceTree = "<group>"; };
		E7C8534A1A0649C100478AC0 /* type_mat4x3.inl */ = {isa = PBXFileReference; fileEncoding = 4; lastKnownFileType = text; path = type_mat4x3.inl; sourceTree = "<group>"; };
		E7C8534B1A0649C100478AC0 /* type_mat4x4.hpp */ = {isa = PBXFileReference; fileEncoding = 4; lastKnownFileType = sourcecode.cpp.h; path = type_mat4x4.hpp; sourceTree = "<group>"; };
		E7C8534C1A0649C100478AC0 /* type_mat4x4.inl */ = {isa = PBXFileReference; fileEncoding = 4; lastKnownFileType = text; path = type_mat4x4.inl; sourceTree = "<group>"; };
		E7C8534D1A0649C100478AC0 /* type_vec.hpp */ = {isa = PBXFileReference; fileEncoding = 4; lastKnownFileType = sourcecode.cpp.h; path = type_vec.hpp; sourceTree = "<group>"; };
		E7C8534E1A0649C100478AC0 /* type_vec.inl */ = {isa = PBXFileReference; fileEncoding = 4; lastKnownFileType = text; path = type_vec.inl; sourceTree = "<group>"; };
		E7C8534F1A0649C100478AC0 /* type_vec1.hpp */ = {isa = PBXFileReference; fileEncoding = 4; lastKnownFileType = sourcecode.cpp.h; path = type_vec1.hpp; sourceTree = "<group>"; };
		E7C853501A0649C100478AC0 /* type_vec1.inl */ = {isa = PBXFileReference; fileEncoding = 4; lastKnownFileType = text; path = type_vec1.inl; sourceTree = "<group>"; };
		E7C853511A0649C100478AC0 /* type_vec2.hpp */ = {isa = PBXFileReference; fileEncoding = 4; lastKnownFileType = sourcecode.cpp.h; path = type_vec2.hpp; sourceTree = "<group>"; };
		E7C853521A0649C100478AC0 /* type_vec2.inl */ = {isa = PBXFileReference; fileEncoding = 4; lastKnownFileType = text; path = type_vec2.inl; sourceTree = "<group>"; };
		E7C853531A0649C100478AC0 /* type_vec3.hpp */ = {isa = PBXFileReference; fileEncoding = 4; lastKnownFileType = sourcecode.cpp.h; path = type_vec3.hpp; sourceTree = "<group>"; };
		E7C853541A0649C100478AC0 /* type_vec3.inl */ = {isa = PBXFileReference; fileEncoding = 4; lastKnownFileType = text; path = type_vec3.inl; sourceTree = "<group>"; };
		E7C853551A0649C100478AC0 /* type_vec4.hpp */ = {isa = PBXFileReference; fileEncoding = 4; lastKnownFileType = sourcecode.cpp.h; path = type_vec4.hpp; sourceTree = "<group>"; };
		E7C853561A0649C100478AC0 /* type_vec4.inl */ = {isa = PBXFileReference; fileEncoding = 4; lastKnownFileType = text; path = type_vec4.inl; sourceTree = "<group>"; };
		E7C853571A0649C100478AC0 /* exponential.hpp */ = {isa = PBXFileReference; fileEncoding = 4; lastKnownFileType = sourcecode.cpp.h; path = exponential.hpp; sourceTree = "<group>"; };
		E7C853581A0649C100478AC0 /* ext.hpp */ = {isa = PBXFileReference; fileEncoding = 4; lastKnownFileType = sourcecode.cpp.h; path = ext.hpp; sourceTree = "<group>"; };
		E7C853591A0649C100478AC0 /* fwd.hpp */ = {isa = PBXFileReference; fileEncoding = 4; lastKnownFileType = sourcecode.cpp.h; path = fwd.hpp; sourceTree = "<group>"; };
		E7C8535A1A0649C100478AC0 /* geometric.hpp */ = {isa = PBXFileReference; fileEncoding = 4; lastKnownFileType = sourcecode.cpp.h; path = geometric.hpp; sourceTree = "<group>"; };
		E7C8535B1A0649C100478AC0 /* glm.hpp */ = {isa = PBXFileReference; fileEncoding = 4; lastKnownFileType = sourcecode.cpp.h; path = glm.hpp; sourceTree = "<group>"; };
		E7C8535D1A0649C100478AC0 /* constants.hpp */ = {isa = PBXFileReference; fileEncoding = 4; lastKnownFileType = sourcecode.cpp.h; path = constants.hpp; sourceTree = "<group>"; };
		E7C8535E1A0649C100478AC0 /* constants.inl */ = {isa = PBXFileReference; fileEncoding = 4; lastKnownFileType = text; path = constants.inl; sourceTree = "<group>"; };
		E7C8535F1A0649C100478AC0 /* epsilon.hpp */ = {isa = PBXFileReference; fileEncoding = 4; lastKnownFileType = sourcecode.cpp.h; path = epsilon.hpp; sourceTree = "<group>"; };
		E7C853601A0649C100478AC0 /* epsilon.inl */ = {isa = PBXFileReference; fileEncoding = 4; lastKnownFileType = text; path = epsilon.inl; sourceTree = "<group>"; };
		E7C853611A0649C100478AC0 /* matrix_access.hpp */ = {isa = PBXFileReference; fileEncoding = 4; lastKnownFileType = sourcecode.cpp.h; path = matrix_access.hpp; sourceTree = "<group>"; };
		E7C853621A0649C100478AC0 /* matrix_access.inl */ = {isa = PBXFileReference; fileEncoding = 4; lastKnownFileType = text; path = matrix_access.inl; sourceTree = "<group>"; };
		E7C853631A0649C100478AC0 /* matrix_integer.hpp */ = {isa = PBXFileReference; fileEncoding = 4; lastKnownFileType = sourcecode.cpp.h; path = matrix_integer.hpp; sourceTree = "<group>"; };
		E7C853641A0649C100478AC0 /* matrix_inverse.hpp */ = {isa = PBXFileReference; fileEncoding = 4; lastKnownFileType = sourcecode.cpp.h; path = matrix_inverse.hpp; sourceTree = "<group>"; };
		E7C853651A0649C100478AC0 /* matrix_inverse.inl */ = {isa = PBXFileReference; fileEncoding = 4; lastKnownFileType = text; path = matrix_inverse.inl; sourceTree = "<group>"; };
		E7C853661A0649C100478AC0 /* matrix_transform.hpp */ = {isa = PBXFileReference; fileEncoding = 4; lastKnownFileType = sourcecode.cpp.h; path = matrix_transform.hpp; sourceTree = "<group>"; };
		E7C853671A0649C100478AC0 /* matrix_transform.inl */ = {isa = PBXFileReference; fileEncoding = 4; lastKnownFileType = text; path = matrix_transform.inl; sourceTree = "<group>"; };
		E7C853681A0649C100478AC0 /* noise.hpp */ = {isa = PBXFileReference; fileEncoding = 4; lastKnownFileType = sourcecode.cpp.h; path = noise.hpp; sourceTree = "<group>"; };
		E7C853691A0649C100478AC0 /* noise.inl */ = {isa = PBXFileReference; fileEncoding = 4; lastKnownFileType = text; path = noise.inl; sourceTree = "<group>"; };
		E7C8536A1A0649C100478AC0 /* packing.hpp */ = {isa = PBXFileReference; fileEncoding = 4; lastKnownFileType = sourcecode.cpp.h; path = packing.hpp; sourceTree = "<group>"; };
		E7C8536B1A0649C100478AC0 /* packing.inl */ = {isa = PBXFileReference; fileEncoding = 4; lastKnownFileType = text; path = packing.inl; sourceTree = "<group>"; };
		E7C8536C1A0649C100478AC0 /* quaternion.hpp */ = {isa = PBXFileReference; fileEncoding = 4; lastKnownFileType = sourcecode.cpp.h; path = quaternion.hpp; sourceTree = "<group>"; };
		E7C8536D1A0649C100478AC0 /* quaternion.inl */ = {isa = PBXFileReference; fileEncoding = 4; lastKnownFileType = text; path = quaternion.inl; sourceTree = "<group>"; };
		E7C8536E1A0649C100478AC0 /* random.hpp */ = {isa = PBXFileReference; fileEncoding = 4; lastKnownFileType = sourcecode.cpp.h; path = random.hpp; sourceTree = "<group>"; };
		E7C8536F1A0649C100478AC0 /* random.inl */ = {isa = PBXFileReference; fileEncoding = 4; lastKnownFileType = text; path = random.inl; sourceTree = "<group>"; };
		E7C853701A0649C100478AC0 /* reciprocal.hpp */ = {isa = PBXFileReference; fileEncoding = 4; lastKnownFileType = sourcecode.cpp.h; path = reciprocal.hpp; sourceTree = "<group>"; };
		E7C853711A0649C100478AC0 /* reciprocal.inl */ = {isa = PBXFileReference; fileEncoding = 4; lastKnownFileType = text; path = reciprocal.inl; sourceTree = "<group>"; };
		E7C853721A0649C100478AC0 /* type_precision.hpp */ = {isa = PBXFileReference; fileEncoding = 4; lastKnownFileType = sourcecode.cpp.h; path = type_precision.hpp; sourceTree = "<group>"; };
		E7C853731A0649C100478AC0 /* type_precision.inl */ = {isa = PBXFileReference; fileEncoding = 4; lastKnownFileType = text; path = type_precision.inl; sourceTree = "<group>"; };
		E7C853741A0649C100478AC0 /* type_ptr.hpp */ = {isa = PBXFileReference; fileEncoding = 4; lastKnownFileType = sourcecode.cpp.h; path = type_ptr.hpp; sourceTree = "<group>"; };
		E7C853751A0649C100478AC0 /* type_ptr.inl */ = {isa = PBXFileReference; fileEncoding = 4; lastKnownFileType = text; path = type_ptr.inl; sourceTree = "<group>"; };
		E7C853761A0649C100478AC0 /* ulp.hpp */ = {isa = PBXFileReference; fileEncoding = 4; lastKnownFileType = sourcecode.cpp.h; path = ulp.hpp; sourceTree = "<group>"; };
		E7C853771A0649C100478AC0 /* ulp.inl */ = {isa = PBXFileReference; fileEncoding = 4; lastKnownFileType = text; path = ulp.inl; sourceTree = "<group>"; };
		E7C853791A0649C100478AC0 /* associated_min_max.hpp */ = {isa = PBXFileReference; fileEncoding = 4; lastKnownFileType = sourcecode.cpp.h; path = associated_min_max.hpp; sourceTree = "<group>"; };
		E7C8537A1A0649C100478AC0 /* associated_min_max.inl */ = {isa = PBXFileReference; fileEncoding = 4; lastKnownFileType = text; path = associated_min_max.inl; sourceTree = "<group>"; };
		E7C8537B1A0649C100478AC0 /* bit.hpp */ = {isa = PBXFileReference; fileEncoding = 4; lastKnownFileType = sourcecode.cpp.h; path = bit.hpp; sourceTree = "<group>"; };
		E7C8537C1A0649C100478AC0 /* bit.inl */ = {isa = PBXFileReference; fileEncoding = 4; lastKnownFileType = text; path = bit.inl; sourceTree = "<group>"; };
		E7C8537D1A0649C100478AC0 /* closest_point.hpp */ = {isa = PBXFileReference; fileEncoding = 4; lastKnownFileType = sourcecode.cpp.h; path = closest_point.hpp; sourceTree = "<group>"; };
		E7C8537E1A0649C100478AC0 /* closest_point.inl */ = {isa = PBXFileReference; fileEncoding = 4; lastKnownFileType = text; path = closest_point.inl; sourceTree = "<group>"; };
		E7C8537F1A0649C100478AC0 /* color_space.hpp */ = {isa = PBXFileReference; fileEncoding = 4; lastKnownFileType = sourcecode.cpp.h; path = color_space.hpp; sourceTree = "<group>"; };
		E7C853801A0649C100478AC0 /* color_space.inl */ = {isa = PBXFileReference; fileEncoding = 4; lastKnownFileType = text; path = color_space.inl; sourceTree = "<group>"; };
		E7C853811A0649C100478AC0 /* color_space_YCoCg.hpp */ = {isa = PBXFileReference; fileEncoding = 4; lastKnownFileType = sourcecode.cpp.h; path = color_space_YCoCg.hpp; sourceTree = "<group>"; };
		E7C853821A0649C100478AC0 /* color_space_YCoCg.inl */ = {isa = PBXFileReference; fileEncoding = 4; lastKnownFileType = text; path = color_space_YCoCg.inl; sourceTree = "<group>"; };
		E7C853831A0649C100478AC0 /* compatibility.hpp */ = {isa = PBXFileReference; fileEncoding = 4; lastKnownFileType = sourcecode.cpp.h; path = compatibility.hpp; sourceTree = "<group>"; };
		E7C853841A0649C100478AC0 /* compatibility.inl */ = {isa = PBXFileReference; fileEncoding = 4; lastKnownFileType = text; path = compatibility.inl; sourceTree = "<group>"; };
		E7C853851A0649C100478AC0 /* component_wise.hpp */ = {isa = PBXFileReference; fileEncoding = 4; lastKnownFileType = sourcecode.cpp.h; path = component_wise.hpp; sourceTree = "<group>"; };
		E7C853861A0649C100478AC0 /* component_wise.inl */ = {isa = PBXFileReference; fileEncoding = 4; lastKnownFileType = text; path = component_wise.inl; sourceTree = "<group>"; };
		E7C853871A0649C100478AC0 /* constants.hpp */ = {isa = PBXFileReference; fileEncoding = 4; lastKnownFileType = sourcecode.cpp.h; path = constants.hpp; sourceTree = "<group>"; };
		E7C853881A0649C100478AC0 /* dual_quaternion.hpp */ = {isa = PBXFileReference; fileEncoding = 4; lastKnownFileType = sourcecode.cpp.h; path = dual_quaternion.hpp; sourceTree = "<group>"; };
		E7C853891A0649C100478AC0 /* dual_quaternion.inl */ = {isa = PBXFileReference; fileEncoding = 4; lastKnownFileType = text; path = dual_quaternion.inl; sourceTree = "<group>"; };
		E7C8538A1A0649C100478AC0 /* epsilon.hpp */ = {isa = PBXFileReference; fileEncoding = 4; lastKnownFileType = sourcecode.cpp.h; path = epsilon.hpp; sourceTree = "<group>"; };
		E7C8538B1A0649C100478AC0 /* euler_angles.hpp */ = {isa = PBXFileReference; fileEncoding = 4; lastKnownFileType = sourcecode.cpp.h; path = euler_angles.hpp; sourceTree = "<group>"; };
		E7C8538C1A0649C100478AC0 /* euler_angles.inl */ = {isa = PBXFileReference; fileEncoding = 4; lastKnownFileType = text; path = euler_angles.inl; sourceTree = "<group>"; };
		E7C8538D1A0649C100478AC0 /* extend.hpp */ = {isa = PBXFileReference; fileEncoding = 4; lastKnownFileType = sourcecode.cpp.h; path = extend.hpp; sourceTree = "<group>"; };
		E7C8538E1A0649C100478AC0 /* extend.inl */ = {isa = PBXFileReference; fileEncoding = 4; lastKnownFileType = text; path = extend.inl; sourceTree = "<group>"; };
		E7C8538F1A0649C100478AC0 /* extented_min_max.hpp */ = {isa = PBXFileReference; fileEncoding = 4; lastKnownFileType = sourcecode.cpp.h; path = extented_min_max.hpp; sourceTree = "<group>"; };
		E7C853901A0649C100478AC0 /* extented_min_max.inl */ = {isa = PBXFileReference; fileEncoding = 4; lastKnownFileType = text; path = extented_min_max.inl; sourceTree = "<group>"; };
		E7C853911A0649C100478AC0 /* fast_exponential.hpp */ = {isa = PBXFileReference; fileEncoding = 4; lastKnownFileType = sourcecode.cpp.h; path = fast_exponential.hpp; sourceTree = "<group>"; };
		E7C853921A0649C100478AC0 /* fast_exponential.inl */ = {isa = PBXFileReference; fileEncoding = 4; lastKnownFileType = text; path = fast_exponential.inl; sourceTree = "<group>"; };
		E7C853931A0649C100478AC0 /* fast_square_root.hpp */ = {isa = PBXFileReference; fileEncoding = 4; lastKnownFileType = sourcecode.cpp.h; path = fast_square_root.hpp; sourceTree = "<group>"; };
		E7C853941A0649C100478AC0 /* fast_square_root.inl */ = {isa = PBXFileReference; fileEncoding = 4; lastKnownFileType = text; path = fast_square_root.inl; sourceTree = "<group>"; };
		E7C853951A0649C100478AC0 /* fast_trigonometry.hpp */ = {isa = PBXFileReference; fileEncoding = 4; lastKnownFileType = sourcecode.cpp.h; path = fast_trigonometry.hpp; sourceTree = "<group>"; };
		E7C853961A0649C100478AC0 /* fast_trigonometry.inl */ = {isa = PBXFileReference; fileEncoding = 4; lastKnownFileType = text; path = fast_trigonometry.inl; sourceTree = "<group>"; };
		E7C853971A0649C100478AC0 /* gradient_paint.hpp */ = {isa = PBXFileReference; fileEncoding = 4; lastKnownFileType = sourcecode.cpp.h; path = gradient_paint.hpp; sourceTree = "<group>"; };
		E7C853981A0649C100478AC0 /* gradient_paint.inl */ = {isa = PBXFileReference; fileEncoding = 4; lastKnownFileType = text; path = gradient_paint.inl; sourceTree = "<group>"; };
		E7C853991A0649C100478AC0 /* handed_coordinate_space.hpp */ = {isa = PBXFileReference; fileEncoding = 4; lastKnownFileType = sourcecode.cpp.h; path = handed_coordinate_space.hpp; sourceTree = "<group>"; };
		E7C8539A1A0649C100478AC0 /* handed_coordinate_space.inl */ = {isa = PBXFileReference; fileEncoding = 4; lastKnownFileType = text; path = handed_coordinate_space.inl; sourceTree = "<group>"; };
		E7C8539B1A0649C100478AC0 /* inertia.hpp */ = {isa = PBXFileReference; fileEncoding = 4; lastKnownFileType = sourcecode.cpp.h; path = inertia.hpp; sourceTree = "<group>"; };
		E7C8539C1A0649C100478AC0 /* inertia.inl */ = {isa = PBXFileReference; fileEncoding = 4; lastKnownFileType = text; path = inertia.inl; sourceTree = "<group>"; };
		E7C8539D1A0649C100478AC0 /* int_10_10_10_2.hpp */ = {isa = PBXFileReference; fileEncoding = 4; lastKnownFileType = sourcecode.cpp.h; path = int_10_10_10_2.hpp; sourceTree = "<group>"; };
		E7C8539E1A0649C100478AC0 /* int_10_10_10_2.inl */ = {isa = PBXFileReference; fileEncoding = 4; lastKnownFileType = text; path = int_10_10_10_2.inl; sourceTree = "<group>"; };
		E7C8539F1A0649C100478AC0 /* integer.hpp */ = {isa = PBXFileReference; fileEncoding = 4; lastKnownFileType = sourcecode.cpp.h; path = integer.hpp; sourceTree = "<group>"; };
		E7C853A01A0649C100478AC0 /* integer.inl */ = {isa = PBXFileReference; fileEncoding = 4; lastKnownFileType = text; path = integer.inl; sourceTree = "<group>"; };
		E7C853A11A0649C100478AC0 /* intersect.hpp */ = {isa = PBXFileReference; fileEncoding = 4; lastKnownFileType = sourcecode.cpp.h; path = intersect.hpp; sourceTree = "<group>"; };
		E7C853A21A0649C100478AC0 /* intersect.inl */ = {isa = PBXFileReference; fileEncoding = 4; lastKnownFileType = text; path = intersect.inl; sourceTree = "<group>"; };
		E7C853A31A0649C100478AC0 /* io.hpp */ = {isa = PBXFileReference; fileEncoding = 4; lastKnownFileType = sourcecode.cpp.h; path = io.hpp; sourceTree = "<group>"; };
		E7C853A41A0649C100478AC0 /* io.inl */ = {isa = PBXFileReference; fileEncoding = 4; lastKnownFileType = text; path = io.inl; sourceTree = "<group>"; };
		E7C853A51A0649C100478AC0 /* log_base.hpp */ = {isa = PBXFileReference; fileEncoding = 4; lastKnownFileType = sourcecode.cpp.h; path = log_base.hpp; sourceTree = "<group>"; };
		E7C853A61A0649C100478AC0 /* log_base.inl */ = {isa = PBXFileReference; fileEncoding = 4; lastKnownFileType = text; path = log_base.inl; sourceTree = "<group>"; };
		E7C853A71A0649C100478AC0 /* matrix_cross_product.hpp */ = {isa = PBXFileReference; fileEncoding = 4; lastKnownFileType = sourcecode.cpp.h; path = matrix_cross_product.hpp; sourceTree = "<group>"; };
		E7C853A81A0649C100478AC0 /* matrix_cross_product.inl */ = {isa = PBXFileReference; fileEncoding = 4; lastKnownFileType = text; path = matrix_cross_product.inl; sourceTree = "<group>"; };
		E7C853A91A0649C100478AC0 /* matrix_interpolation.hpp */ = {isa = PBXFileReference; fileEncoding = 4; lastKnownFileType = sourcecode.cpp.h; path = matrix_interpolation.hpp; sourceTree = "<group>"; };
		E7C853AA1A0649C100478AC0 /* matrix_interpolation.inl */ = {isa = PBXFileReference; fileEncoding = 4; lastKnownFileType = text; path = matrix_interpolation.inl; sourceTree = "<group>"; };
		E7C853AB1A0649C100478AC0 /* matrix_major_storage.hpp */ = {isa = PBXFileReference; fileEncoding = 4; lastKnownFileType = sourcecode.cpp.h; path = matrix_major_storage.hpp; sourceTree = "<group>"; };
		E7C853AC1A0649C100478AC0 /* matrix_major_storage.inl */ = {isa = PBXFileReference; fileEncoding = 4; lastKnownFileType = text; path = matrix_major_storage.inl; sourceTree = "<group>"; };
		E7C853AD1A0649C100478AC0 /* matrix_operation.hpp */ = {isa = PBXFileReference; fileEncoding = 4; lastKnownFileType = sourcecode.cpp.h; path = matrix_operation.hpp; sourceTree = "<group>"; };
		E7C853AE1A0649C100478AC0 /* matrix_operation.inl */ = {isa = PBXFileReference; fileEncoding = 4; lastKnownFileType = text; path = matrix_operation.inl; sourceTree = "<group>"; };
		E7C853AF1A0649C100478AC0 /* matrix_query.hpp */ = {isa = PBXFileReference; fileEncoding = 4; lastKnownFileType = sourcecode.cpp.h; path = matrix_query.hpp; sourceTree = "<group>"; };
		E7C853B01A0649C100478AC0 /* matrix_query.inl */ = {isa = PBXFileReference; fileEncoding = 4; lastKnownFileType = text; path = matrix_query.inl; sourceTree = "<group>"; };
		E7C853B11A0649C100478AC0 /* matrix_transform_2d.hpp */ = {isa = PBXFileReference; fileEncoding = 4; lastKnownFileType = sourcecode.cpp.h; path = matrix_transform_2d.hpp; sourceTree = "<group>"; };
		E7C853B21A0649C100478AC0 /* matrix_transform_2d.inl */ = {isa = PBXFileReference; fileEncoding = 4; lastKnownFileType = text; path = matrix_transform_2d.inl; sourceTree = "<group>"; };
		E7C853B31A0649C100478AC0 /* mixed_product.hpp */ = {isa = PBXFileReference; fileEncoding = 4; lastKnownFileType = sourcecode.cpp.h; path = mixed_product.hpp; sourceTree = "<group>"; };
		E7C853B41A0649C100478AC0 /* mixed_product.inl */ = {isa = PBXFileReference; fileEncoding = 4; lastKnownFileType = text; path = mixed_product.inl; sourceTree = "<group>"; };
		E7C853B51A0649C100478AC0 /* multiple.hpp */ = {isa = PBXFileReference; fileEncoding = 4; lastKnownFileType = sourcecode.cpp.h; path = multiple.hpp; sourceTree = "<group>"; };
		E7C853B61A0649C100478AC0 /* multiple.inl */ = {isa = PBXFileReference; fileEncoding = 4; lastKnownFileType = text; path = multiple.inl; sourceTree = "<group>"; };
		E7C853B71A0649C100478AC0 /* noise.hpp */ = {isa = PBXFileReference; fileEncoding = 4; lastKnownFileType = sourcecode.cpp.h; path = noise.hpp; sourceTree = "<group>"; };
		E7C853B81A0649C100478AC0 /* norm.hpp */ = {isa = PBXFileReference; fileEncoding = 4; lastKnownFileType = sourcecode.cpp.h; path = norm.hpp; sourceTree = "<group>"; };
		E7C853B91A0649C100478AC0 /* norm.inl */ = {isa = PBXFileReference; fileEncoding = 4; lastKnownFileType = text; path = norm.inl; sourceTree = "<group>"; };
		E7C853BA1A0649C100478AC0 /* normal.hpp */ = {isa = PBXFileReference; fileEncoding = 4; lastKnownFileType = sourcecode.cpp.h; path = normal.hpp; sourceTree = "<group>"; };
		E7C853BB1A0649C100478AC0 /* normal.inl */ = {isa = PBXFileReference; fileEncoding = 4; lastKnownFileType = text; path = normal.inl; sourceTree = "<group>"; };
		E7C853BC1A0649C100478AC0 /* normalize_dot.hpp */ = {isa = PBXFileReference; fileEncoding = 4; lastKnownFileType = sourcecode.cpp.h; path = normalize_dot.hpp; sourceTree = "<group>"; };
		E7C853BD1A0649C100478AC0 /* normalize_dot.inl */ = {isa = PBXFileReference; fileEncoding = 4; lastKnownFileType = text; path = normalize_dot.inl; sourceTree = "<group>"; };
		E7C853BE1A0649C100478AC0 /* number_precision.hpp */ = {isa = PBXFileReference; fileEncoding = 4; lastKnownFileType = sourcecode.cpp.h; path = number_precision.hpp; sourceTree = "<group>"; };
		E7C853BF1A0649C100478AC0 /* number_precision.inl */ = {isa = PBXFileReference; fileEncoding = 4; lastKnownFileType = text; path = number_precision.inl; sourceTree = "<group>"; };
		E7C853C01A0649C100478AC0 /* optimum_pow.hpp */ = {isa = PBXFileReference; fileEncoding = 4; lastKnownFileType = sourcecode.cpp.h; path = optimum_pow.hpp; sourceTree = "<group>"; };
		E7C853C11A0649C100478AC0 /* optimum_pow.inl */ = {isa = PBXFileReference; fileEncoding = 4; lastKnownFileType = text; path = optimum_pow.inl; sourceTree = "<group>"; };
		E7C853C21A0649C100478AC0 /* orthonormalize.hpp */ = {isa = PBXFileReference; fileEncoding = 4; lastKnownFileType = sourcecode.cpp.h; path = orthonormalize.hpp; sourceTree = "<group>"; };
		E7C853C31A0649C100478AC0 /* orthonormalize.inl */ = {isa = PBXFileReference; fileEncoding = 4; lastKnownFileType = text; path = orthonormalize.inl; sourceTree = "<group>"; };
		E7C853C41A0649C100478AC0 /* perpendicular.hpp */ = {isa = PBXFileReference; fileEncoding = 4; lastKnownFileType = sourcecode.cpp.h; path = perpendicular.hpp; sourceTree = "<group>"; };
		E7C853C51A0649C100478AC0 /* perpendicular.inl */ = {isa = PBXFileReference; fileEncoding = 4; lastKnownFileType = text; path = perpendicular.inl; sourceTree = "<group>"; };
		E7C853C61A0649C100478AC0 /* polar_coordinates.hpp */ = {isa = PBXFileReference; fileEncoding = 4; lastKnownFileType = sourcecode.cpp.h; path = polar_coordinates.hpp; sourceTree = "<group>"; };
		E7C853C71A0649C100478AC0 /* polar_coordinates.inl */ = {isa = PBXFileReference; fileEncoding = 4; lastKnownFileType = text; path = polar_coordinates.inl; sourceTree = "<group>"; };
		E7C853C81A0649C100478AC0 /* projection.hpp */ = {isa = PBXFileReference; fileEncoding = 4; lastKnownFileType = sourcecode.cpp.h; path = projection.hpp; sourceTree = "<group>"; };
		E7C853C91A0649C100478AC0 /* projection.inl */ = {isa = PBXFileReference; fileEncoding = 4; lastKnownFileType = text; path = projection.inl; sourceTree = "<group>"; };
		E7C853CA1A0649C100478AC0 /* quaternion.hpp */ = {isa = PBXFileReference; fileEncoding = 4; lastKnownFileType = sourcecode.cpp.h; path = quaternion.hpp; sourceTree = "<group>"; };
		E7C853CB1A0649C100478AC0 /* quaternion.inl */ = {isa = PBXFileReference; fileEncoding = 4; lastKnownFileType = text; path = quaternion.inl; sourceTree = "<group>"; };
		E7C853CC1A0649C100478AC0 /* random.hpp */ = {isa = PBXFileReference; fileEncoding = 4; lastKnownFileType = sourcecode.cpp.h; path = random.hpp; sourceTree = "<group>"; };
		E7C853CD1A0649C100478AC0 /* raw_data.hpp */ = {isa = PBXFileReference; fileEncoding = 4; lastKnownFileType = sourcecode.cpp.h; path = raw_data.hpp; sourceTree = "<group>"; };
		E7C853CE1A0649C100478AC0 /* raw_data.inl */ = {isa = PBXFileReference; fileEncoding = 4; lastKnownFileType = text; path = raw_data.inl; sourceTree = "<group>"; };
		E7C853CF1A0649C100478AC0 /* reciprocal.hpp */ = {isa = PBXFileReference; fileEncoding = 4; lastKnownFileType = sourcecode.cpp.h; path = reciprocal.hpp; sourceTree = "<group>"; };
		E7C853D01A0649C100478AC0 /* rotate_normalized_axis.hpp */ = {isa = PBXFileReference; fileEncoding = 4; lastKnownFileType = sourcecode.cpp.h; path = rotate_normalized_axis.hpp; sourceTree = "<group>"; };
		E7C853D11A0649C100478AC0 /* rotate_normalized_axis.inl */ = {isa = PBXFileReference; fileEncoding = 4; lastKnownFileType = text; path = rotate_normalized_axis.inl; sourceTree = "<group>"; };
		E7C853D21A0649C100478AC0 /* rotate_vector.hpp */ = {isa = PBXFileReference; fileEncoding = 4; lastKnownFileType = sourcecode.cpp.h; path = rotate_vector.hpp; sourceTree = "<group>"; };
		E7C853D31A0649C100478AC0 /* rotate_vector.inl */ = {isa = PBXFileReference; fileEncoding = 4; lastKnownFileType = text; path = rotate_vector.inl; sourceTree = "<group>"; };
		E7C853D41A0649C100478AC0 /* scalar_relational.hpp */ = {isa = PBXFileReference; fileEncoding = 4; lastKnownFileType = sourcecode.cpp.h; path = scalar_relational.hpp; sourceTree = "<group>"; };
		E7C853D51A0649C100478AC0 /* scalar_relational.inl */ = {isa = PBXFileReference; fileEncoding = 4; lastKnownFileType = text; path = scalar_relational.inl; sourceTree = "<group>"; };
		E7C853D61A0649C100478AC0 /* simd_mat4.hpp */ = {isa = PBXFileReference; fileEncoding = 4; lastKnownFileType = sourcecode.cpp.h; path = simd_mat4.hpp; sourceTree = "<group>"; };
		E7C853D71A0649C100478AC0 /* simd_mat4.inl */ = {isa = PBXFileReference; fileEncoding = 4; lastKnownFileType = text; path = simd_mat4.inl; sourceTree = "<group>"; };
		E7C853D81A0649C100478AC0 /* simd_quat.hpp */ = {isa = PBXFileReference; fileEncoding = 4; lastKnownFileType = sourcecode.cpp.h; path = simd_quat.hpp; sourceTree = "<group>"; };
		E7C853D91A0649C100478AC0 /* simd_quat.inl */ = {isa = PBXFileReference; fileEncoding = 4; lastKnownFileType = text; path = simd_quat.inl; sourceTree = "<group>"; };
		E7C853DA1A0649C100478AC0 /* simd_vec4.hpp */ = {isa = PBXFileReference; fileEncoding = 4; lastKnownFileType = sourcecode.cpp.h; path = simd_vec4.hpp; sourceTree = "<group>"; };
		E7C853DB1A0649C100478AC0 /* simd_vec4.inl */ = {isa = PBXFileReference; fileEncoding = 4; lastKnownFileType = text; path = simd_vec4.inl; sourceTree = "<group>"; };
		E7C853DC1A0649C100478AC0 /* spline.hpp */ = {isa = PBXFileReference; fileEncoding = 4; lastKnownFileType = sourcecode.cpp.h; path = spline.hpp; sourceTree = "<group>"; };
		E7C853DD1A0649C100478AC0 /* spline.inl */ = {isa = PBXFileReference; fileEncoding = 4; lastKnownFileType = text; path = spline.inl; sourceTree = "<group>"; };
		E7C853DE1A0649C100478AC0 /* std_based_type.hpp */ = {isa = PBXFileReference; fileEncoding = 4; lastKnownFileType = sourcecode.cpp.h; path = std_based_type.hpp; sourceTree = "<group>"; };
		E7C853DF1A0649C100478AC0 /* std_based_type.inl */ = {isa = PBXFileReference; fileEncoding = 4; lastKnownFileType = text; path = std_based_type.inl; sourceTree = "<group>"; };
		E7C853E01A0649C100478AC0 /* string_cast.hpp */ = {isa = PBXFileReference; fileEncoding = 4; lastKnownFileType = sourcecode.cpp.h; path = string_cast.hpp; sourceTree = "<group>"; };
		E7C853E11A0649C100478AC0 /* string_cast.inl */ = {isa = PBXFileReference; fileEncoding = 4; lastKnownFileType = text; path = string_cast.inl; sourceTree = "<group>"; };
		E7C853E21A0649C100478AC0 /* transform.hpp */ = {isa = PBXFileReference; fileEncoding = 4; lastKnownFileType = sourcecode.cpp.h; path = transform.hpp; sourceTree = "<group>"; };
		E7C853E31A0649C100478AC0 /* transform.inl */ = {isa = PBXFileReference; fileEncoding = 4; lastKnownFileType = text; path = transform.inl; sourceTree = "<group>"; };
		E7C853E41A0649C100478AC0 /* transform2.hpp */ = {isa = PBXFileReference; fileEncoding = 4; lastKnownFileType = sourcecode.cpp.h; path = transform2.hpp; sourceTree = "<group>"; };
		E7C853E51A0649C100478AC0 /* transform2.inl */ = {isa = PBXFileReference; fileEncoding = 4; lastKnownFileType = text; path = transform2.inl; sourceTree = "<group>"; };
		E7C853E61A0649C100478AC0 /* ulp.hpp */ = {isa = PBXFileReference; fileEncoding = 4; lastKnownFileType = sourcecode.cpp.h; path = ulp.hpp; sourceTree = "<group>"; };
		E7C853E71A0649C100478AC0 /* unsigned_int.hpp */ = {isa = PBXFileReference; fileEncoding = 4; lastKnownFileType = sourcecode.cpp.h; path = unsigned_int.hpp; sourceTree = "<group>"; };
		E7C853E81A0649C100478AC0 /* unsigned_int.inl */ = {isa = PBXFileReference; fileEncoding = 4; lastKnownFileType = text; path = unsigned_int.inl; sourceTree = "<group>"; };
		E7C853E91A0649C100478AC0 /* vec1.hpp */ = {isa = PBXFileReference; fileEncoding = 4; lastKnownFileType = sourcecode.cpp.h; path = vec1.hpp; sourceTree = "<group>"; };
		E7C853EA1A0649C100478AC0 /* vec1.inl */ = {isa = PBXFileReference; fileEncoding = 4; lastKnownFileType = text; path = vec1.inl; sourceTree = "<group>"; };
		E7C853EB1A0649C100478AC0 /* vector_angle.hpp */ = {isa = PBXFileReference; fileEncoding = 4; lastKnownFileType = sourcecode.cpp.h; path = vector_angle.hpp; sourceTree = "<group>"; };
		E7C853EC1A0649C100478AC0 /* vector_angle.inl */ = {isa = PBXFileReference; fileEncoding = 4; lastKnownFileType = text; path = vector_angle.inl; sourceTree = "<group>"; };
		E7C853ED1A0649C100478AC0 /* vector_query.hpp */ = {isa = PBXFileReference; fileEncoding = 4; lastKnownFileType = sourcecode.cpp.h; path = vector_query.hpp; sourceTree = "<group>"; };
		E7C853EE1A0649C100478AC0 /* vector_query.inl */ = {isa = PBXFileReference; fileEncoding = 4; lastKnownFileType = text; path = vector_query.inl; sourceTree = "<group>"; };
		E7C853EF1A0649C100478AC0 /* wrap.hpp */ = {isa = PBXFileReference; fileEncoding = 4; lastKnownFileType = sourcecode.cpp.h; path = wrap.hpp; sourceTree = "<group>"; };
		E7C853F01A0649C100478AC0 /* wrap.inl */ = {isa = PBXFileReference; fileEncoding = 4; lastKnownFileType = text; path = wrap.inl; sourceTree = "<group>"; };
		E7C853F11A0649C100478AC0 /* integer.hpp */ = {isa = PBXFileReference; fileEncoding = 4; lastKnownFileType = sourcecode.cpp.h; path = integer.hpp; sourceTree = "<group>"; };
		E7C853F21A0649C100478AC0 /* mat2x2.hpp */ = {isa = PBXFileReference; fileEncoding = 4; lastKnownFileType = sourcecode.cpp.h; path = mat2x2.hpp; sourceTree = "<group>"; };
		E7C853F31A0649C100478AC0 /* mat2x3.hpp */ = {isa = PBXFileReference; fileEncoding = 4; lastKnownFileType = sourcecode.cpp.h; path = mat2x3.hpp; sourceTree = "<group>"; };
		E7C853F41A0649C100478AC0 /* mat2x4.hpp */ = {isa = PBXFileReference; fileEncoding = 4; lastKnownFileType = sourcecode.cpp.h; path = mat2x4.hpp; sourceTree = "<group>"; };
		E7C853F51A0649C100478AC0 /* mat3x2.hpp */ = {isa = PBXFileReference; fileEncoding = 4; lastKnownFileType = sourcecode.cpp.h; path = mat3x2.hpp; sourceTree = "<group>"; };
		E7C853F61A0649C100478AC0 /* mat3x3.hpp */ = {isa = PBXFileReference; fileEncoding = 4; lastKnownFileType = sourcecode.cpp.h; path = mat3x3.hpp; sourceTree = "<group>"; };
		E7C853F71A0649C100478AC0 /* mat3x4.hpp */ = {isa = PBXFileReference; fileEncoding = 4; lastKnownFileType = sourcecode.cpp.h; path = mat3x4.hpp; sourceTree = "<group>"; };
		E7C853F81A0649C100478AC0 /* mat4x2.hpp */ = {isa = PBXFileReference; fileEncoding = 4; lastKnownFileType = sourcecode.cpp.h; path = mat4x2.hpp; sourceTree = "<group>"; };
		E7C853F91A0649C100478AC0 /* mat4x3.hpp */ = {isa = PBXFileReference; fileEncoding = 4; lastKnownFileType = sourcecode.cpp.h; path = mat4x3.hpp; sourceTree = "<group>"; };
		E7C853FA1A0649C100478AC0 /* mat4x4.hpp */ = {isa = PBXFileReference; fileEncoding = 4; lastKnownFileType = sourcecode.cpp.h; path = mat4x4.hpp; sourceTree = "<group>"; };
		E7C853FB1A0649C100478AC0 /* matrix.hpp */ = {isa = PBXFileReference; fileEncoding = 4; lastKnownFileType = sourcecode.cpp.h; path = matrix.hpp; sourceTree = "<group>"; };
		E7C853FC1A0649C100478AC0 /* packing.hpp */ = {isa = PBXFileReference; fileEncoding = 4; lastKnownFileType = sourcecode.cpp.h; path = packing.hpp; sourceTree = "<group>"; };
		E7C853FD1A0649C100478AC0 /* trigonometric.hpp */ = {isa = PBXFileReference; fileEncoding = 4; lastKnownFileType = sourcecode.cpp.h; path = trigonometric.hpp; sourceTree = "<group>"; };
		E7C853FE1A0649C100478AC0 /* vec2.hpp */ = {isa = PBXFileReference; fileEncoding = 4; lastKnownFileType = sourcecode.cpp.h; path = vec2.hpp; sourceTree = "<group>"; };
		E7C853FF1A0649C100478AC0 /* vec3.hpp */ = {isa = PBXFileReference; fileEncoding = 4; lastKnownFileType = sourcecode.cpp.h; path = vec3.hpp; sourceTree = "<group>"; };
		E7C854001A0649C100478AC0 /* vec4.hpp */ = {isa = PBXFileReference; fileEncoding = 4; lastKnownFileType = sourcecode.cpp.h; path = vec4.hpp; sourceTree = "<group>"; };
		E7C854011A0649C100478AC0 /* vector_relational.hpp */ = {isa = PBXFileReference; fileEncoding = 4; lastKnownFileType = sourcecode.cpp.h; path = vector_relational.hpp; sourceTree = "<group>"; };
		E7C854AF1A13626600478AC0 /* json-forwards.h */ = {isa = PBXFileReference; fileEncoding = 4; lastKnownFileType = sourcecode.c.h; path = "json-forwards.h"; sourceTree = "<group>"; };
		E7C854B01A13626600478AC0 /* json.h */ = {isa = PBXFileReference; fileEncoding = 4; lastKnownFileType = sourcecode.c.h; path = json.h; sourceTree = "<group>"; };
		E7C854B11A13626600478AC0 /* jsoncpp.cpp */ = {isa = PBXFileReference; fileEncoding = 4; lastKnownFileType = sourcecode.cpp.cpp; path = jsoncpp.cpp; sourceTree = "<group>"; };
		E7C854B61A14271F00478AC0 /* scene.json */ = {isa = PBXFileReference; explicitFileType = text.json; fileEncoding = 4; path = scene.json; sourceTree = "<group>"; };
/* End PBXFileReference section */

/* Begin PBXFrameworksBuildPhase section */
		E7C852A01A0645CD00478AC0 /* Frameworks */ = {
			isa = PBXFrameworksBuildPhase;
			buildActionMask = 2147483647;
			files = (
			);
			runOnlyForDeploymentPostprocessing = 0;
		};
/* End PBXFrameworksBuildPhase section */

/* Begin PBXGroup section */
		E760EC161A2E546200737A89 /* app */ = {
			isa = PBXGroup;
			children = (
				E72BF4E71A3A5C4B002DE8CB /* colorsources */,
				E72BF4EA1A3A5C88002DE8CB /* colorsources.cpp */,
				E760EC171A2E546200737A89 /* action */,
				E760EC191A2E546200737A89 /* buffertool */,
				E760EC1A1A2E546200737A89 /* buffertool.cpp */,
				E760EC1B1A2E546200737A89 /* colors */,
				E760EC1C1A2E546200737A89 /* colors.cpp */,
				E760EC1D1A2E546200737A89 /* hitinfo */,
				E760EC1E1A2E546200737A89 /* hitinfo.cpp */,
				E760EC1F1A2E546200737A89 /* intersect */,
				E760EC201A2E546200737A89 /* intersect.cpp */,
				E760EC221A2E546200737A89 /* line */,
				E760EC231A2E546200737A89 /* material */,
				E760EC241A2E546200737A89 /* material.cpp */,
				E760EC251A2E546200737A89 /* materials */,
				E760EC261A2E546200737A89 /* materials.cpp */,
				E760EC281A2E546200737A89 /* ray */,
				E760EC291A2E546200737A89 /* rayinfo */,
				E760EC2A1A2E546200737A89 /* rayinfo.cpp */,
				E760EC2B1A2E546200737A89 /* scene */,
				E760EC361A2E546200737A89 /* sceneloader */,
				E760EC371A2E546200737A89 /* sceneloader.cpp */,
				E760EC381A2E546200737A89 /* solver */,
				E760EC3D1A2E546200737A89 /* tracker */,
				E760EC3E1A2E546200737A89 /* tracker.cpp */,
			);
			path = app;
			sourceTree = "<group>";
		};
		E760EC2B1A2E546200737A89 /* scene */ = {
			isa = PBXGroup;
			children = (
				E7B4E0A21A375B6100A7C565 /* disc */,
				E7B4E0A31A375B6100A7C565 /* disc.cpp */,
				E760EC2C1A2E546200737A89 /* camera */,
				E760EC2D1A2E546200737A89 /* camera.cpp */,
				E760EC2E1A2E546200737A89 /* node */,
				E760EC2F1A2E546200737A89 /* node.cpp */,
				E760EC301A2E546200737A89 /* scene */,
				E760EC311A2E546200737A89 /* scene.cpp */,
				E760EC321A2E546200737A89 /* sphere */,
				E760EC331A2E546200737A89 /* sphere.cpp */,
				E760EC341A2E546200737A89 /* world */,
				E760EC351A2E546200737A89 /* world.cpp */,
			);
			path = scene;
			sourceTree = "<group>";
		};
		E760EC381A2E546200737A89 /* solver */ = {
			isa = PBXGroup;
			children = (
				E760EC391A2E546200737A89 /* blank.cpp */,
				E760EC3A1A2E546200737A89 /* dev.cpp */,
				E760EC3B1A2E546200737A89 /* legacy.cpp */,
				E760EC3C1A2E546200737A89 /* solver */,
			);
			path = solver;
			sourceTree = "<group>";
		};
		E760EC3F1A2E546200737A89 /* core */ = {
			isa = PBXGroup;
			children = (
				E72BF4E61A3A584A002DE8CB /* colorsource */,
				E72BF4E51A3A0331002DE8CB /* pixelbuffer */,
				E7B4E07C1A2E7E0D00A7C565 /* config.cpp */,
				E760EC401A2E546200737A89 /* application */,
				E760EC411A2E546200737A89 /* colortools */,
				E760EC421A2E546200737A89 /* colortools.cpp */,
				E760EC431A2E546200737A89 /* config */,
				E760EC441A2E546200737A89 /* corerandom */,
				E760EC451A2E546200737A89 /* corerandom.cpp */,
				E760EC461A2E546200737A89 /* helpers */,
				E760EC471A2E546200737A89 /* helpers.cpp */,
				E760EC481A2E546200737A89 /* init */,
				E760EC4B1A2E546200737A89 /* log */,
				E760EC4C1A2E546200737A89 /* log.cpp */,
				E760EC4D1A2E546200737A89 /* native */,
				E760EC4E1A2E546200737A89 /* nativelib */,
				E760EC521A2E546200737A89 /* os */,
				E760EC531A2E546200737A89 /* outputvideo */,
				E760EC541A2E546200737A89 /* outputvideo.cpp */,
				E760EC551A2E546200737A89 /* pixelformat */,
				E760EC561A2E546200737A89 /* pixelformat.cpp */,
				E760EC571A2E546200737A89 /* singleton */,
				E760EC581A2E546200737A89 /* stdgfx */,
				E760EC591A2E546200737A89 /* stdtypes */,
				E760EC5A1A2E546200737A89 /* tcolor */,
				E760EC5B1A2E546200737A89 /* traccore */,
			);
			path = core;
			sourceTree = "<group>";
		};
		E760EC481A2E546200737A89 /* init */ = {
			isa = PBXGroup;
			children = (
				E760EC491A2E546200737A89 /* init */,
				E760EC4A1A2E546200737A89 /* init.cpp */,
			);
			path = init;
			sourceTree = "<group>";
		};
		E760EC4E1A2E546200737A89 /* nativelib */ = {
			isa = PBXGroup;
			children = (
				E760EC4F1A2E546200737A89 /* native.cpp */,
				E760EC501A2E546200737A89 /* tgalib.cpp */,
				E760EC511A2E546200737A89 /* tgalib.hpp */,
			);
			path = nativelib;
			sourceTree = "<group>";
		};
		E7B4E0961A2F7D2000A7C565 /* tiny-js */ = {
			isa = PBXGroup;
			children = (
				E7B4E0971A2F7D2000A7C565 /* TinyJS.cpp */,
				E7B4E0981A2F7D2000A7C565 /* TinyJS.h */,
				E7B4E0991A2F7D2000A7C565 /* TinyJS_Functions.cpp */,
				E7B4E09A1A2F7D2000A7C565 /* TinyJS_Functions.h */,
				E7B4E09B1A2F7D2000A7C565 /* TinyJS_MathFunctions.cpp */,
				E7B4E09C1A2F7D2000A7C565 /* TinyJS_MathFunctions.h */,
			);
			path = "tiny-js";
			sourceTree = "<group>";
		};
		E7B4E0A51A39FEE400A7C565 /* stb */ = {
			isa = PBXGroup;
			children = (
				E7B4E0C21A39FEE400A7C565 /* README.md */,
				E7B4E0C81A39FEE400A7C565 /* stb_image.h */,
				E7B4E0CA1A39FEE400A7C565 /* stb_image_write.h */,
				E7B4E0CB1A39FEE400A7C565 /* stb_perlin.h */,
			);
			path = stb;
			sourceTree = "<group>";
		};
		E7C8529A1A0645CD00478AC0 = {
			isa = PBXGroup;
			children = (
				E7C852A51A0645CD00478AC0 /* Tracker */,
				E7C852A41A0645CD00478AC0 /* Products */,
			);
			sourceTree = "<group>";
			usesTabs = 1;
		};
		E7C852A41A0645CD00478AC0 /* Products */ = {
			isa = PBXGroup;
			children = (
				E7C852A31A0645CD00478AC0 /* Tracker */,
			);
			name = Products;
			sourceTree = "<group>";
		};
		E7C852A51A0645CD00478AC0 /* Tracker */ = {
			isa = PBXGroup;
			children = (
				E7B4E0A01A3526D500A7C565 /* test.json */,
				E760EC161A2E546200737A89 /* app */,
				E760EC3F1A2E546200737A89 /* core */,
				E7C852E01A06463400478AC0 /* defines.h */,
				E7C852E11A06463400478AC0 /* ext */,
				E7C852A61A0645CD00478AC0 /* main.cpp */,
				E7C854B61A14271F00478AC0 /* scene.json */,
				E760EC121A2DA7BC00737A89 /* init.js */,
			);
			path = Tracker;
			sourceTree = "<group>";
		};
		E7C852E11A06463400478AC0 /* ext */ = {
			isa = PBXGroup;
			children = (
				E7B4E0A51A39FEE400A7C565 /* stb */,
				E7B4E0961A2F7D2000A7C565 /* tiny-js */,
				E7C854AE1A13626600478AC0 /* json */,
				E7C853031A0649C000478AC0 /* glm */,
			);
			path = ext;
			sourceTree = "<group>";
		};
		E7C853031A0649C000478AC0 /* glm */ = {
			isa = PBXGroup;
			children = (
				E7C853041A0649C000478AC0 /* CMakeLists.txt */,
				E7C853051A0649C000478AC0 /* common.hpp */,
				E7C853061A0649C000478AC0 /* detail */,
				E7C853571A0649C100478AC0 /* exponential.hpp */,
				E7C853581A0649C100478AC0 /* ext.hpp */,
				E7C853591A0649C100478AC0 /* fwd.hpp */,
				E7C8535A1A0649C100478AC0 /* geometric.hpp */,
				E7C8535B1A0649C100478AC0 /* glm.hpp */,
				E7C8535C1A0649C100478AC0 /* gtc */,
				E7C853781A0649C100478AC0 /* gtx */,
				E7C853F11A0649C100478AC0 /* integer.hpp */,
				E7C853F21A0649C100478AC0 /* mat2x2.hpp */,
				E7C853F31A0649C100478AC0 /* mat2x3.hpp */,
				E7C853F41A0649C100478AC0 /* mat2x4.hpp */,
				E7C853F51A0649C100478AC0 /* mat3x2.hpp */,
				E7C853F61A0649C100478AC0 /* mat3x3.hpp */,
				E7C853F71A0649C100478AC0 /* mat3x4.hpp */,
				E7C853F81A0649C100478AC0 /* mat4x2.hpp */,
				E7C853F91A0649C100478AC0 /* mat4x3.hpp */,
				E7C853FA1A0649C100478AC0 /* mat4x4.hpp */,
				E7C853FB1A0649C100478AC0 /* matrix.hpp */,
				E7C853FC1A0649C100478AC0 /* packing.hpp */,
				E7C853FD1A0649C100478AC0 /* trigonometric.hpp */,
				E7C853FE1A0649C100478AC0 /* vec2.hpp */,
				E7C853FF1A0649C100478AC0 /* vec3.hpp */,
				E7C854001A0649C100478AC0 /* vec4.hpp */,
				E7C854011A0649C100478AC0 /* vector_relational.hpp */,
			);
			path = glm;
			sourceTree = "<group>";
		};
		E7C853061A0649C000478AC0 /* detail */ = {
			isa = PBXGroup;
			children = (
				E7C853071A0649C000478AC0 /* _features.hpp */,
				E7C853081A0649C000478AC0 /* _fixes.hpp */,
				E7C853091A0649C000478AC0 /* _literals.hpp */,
				E7C8530A1A0649C000478AC0 /* _noise.hpp */,
				E7C8530B1A0649C000478AC0 /* _swizzle.hpp */,
				E7C8530C1A0649C000478AC0 /* _swizzle_func.hpp */,
				E7C8530D1A0649C000478AC0 /* _vectorize.hpp */,
				E7C8530E1A0649C000478AC0 /* func_common.hpp */,
				E7C8530F1A0649C000478AC0 /* func_common.inl */,
				E7C853101A0649C000478AC0 /* func_exponential.hpp */,
				E7C853111A0649C000478AC0 /* func_exponential.inl */,
				E7C853121A0649C000478AC0 /* func_geometric.hpp */,
				E7C853131A0649C000478AC0 /* func_geometric.inl */,
				E7C853141A0649C000478AC0 /* func_integer.hpp */,
				E7C853151A0649C000478AC0 /* func_integer.inl */,
				E7C853161A0649C000478AC0 /* func_matrix.hpp */,
				E7C853171A0649C000478AC0 /* func_matrix.inl */,
				E7C853181A0649C000478AC0 /* func_noise.hpp */,
				E7C853191A0649C000478AC0 /* func_noise.inl */,
				E7C8531A1A0649C000478AC0 /* func_packing.hpp */,
				E7C8531B1A0649C000478AC0 /* func_packing.inl */,
				E7C8531C1A0649C000478AC0 /* func_trigonometric.hpp */,
				E7C8531D1A0649C000478AC0 /* func_trigonometric.inl */,
				E7C8531E1A0649C000478AC0 /* func_vector_relational.hpp */,
				E7C8531F1A0649C000478AC0 /* func_vector_relational.inl */,
				E7C853201A0649C000478AC0 /* glm.cpp */,
				E7C853211A0649C000478AC0 /* hint.hpp */,
				E7C853221A0649C000478AC0 /* intrinsic_common.hpp */,
				E7C853231A0649C000478AC0 /* intrinsic_common.inl */,
				E7C853241A0649C000478AC0 /* intrinsic_exponential.hpp */,
				E7C853251A0649C000478AC0 /* intrinsic_exponential.inl */,
				E7C853261A0649C000478AC0 /* intrinsic_geometric.hpp */,
				E7C853271A0649C100478AC0 /* intrinsic_geometric.inl */,
				E7C853281A0649C100478AC0 /* intrinsic_integer.hpp */,
				E7C853291A0649C100478AC0 /* intrinsic_integer.inl */,
				E7C8532A1A0649C100478AC0 /* intrinsic_matrix.hpp */,
				E7C8532B1A0649C100478AC0 /* intrinsic_matrix.inl */,
				E7C8532C1A0649C100478AC0 /* intrinsic_trigonometric.hpp */,
				E7C8532D1A0649C100478AC0 /* intrinsic_trigonometric.inl */,
				E7C8532E1A0649C100478AC0 /* intrinsic_vector_relational.hpp */,
				E7C8532F1A0649C100478AC0 /* intrinsic_vector_relational.inl */,
				E7C853301A0649C100478AC0 /* precision.hpp */,
				E7C853311A0649C100478AC0 /* precision.inl */,
				E7C853321A0649C100478AC0 /* setup.hpp */,
				E7C853331A0649C100478AC0 /* type_float.hpp */,
				E7C853341A0649C100478AC0 /* type_gentype.hpp */,
				E7C853351A0649C100478AC0 /* type_gentype.inl */,
				E7C853361A0649C100478AC0 /* type_half.hpp */,
				E7C853371A0649C100478AC0 /* type_half.inl */,
				E7C853381A0649C100478AC0 /* type_int.hpp */,
				E7C853391A0649C100478AC0 /* type_mat.hpp */,
				E7C8533A1A0649C100478AC0 /* type_mat.inl */,
				E7C8533B1A0649C100478AC0 /* type_mat2x2.hpp */,
				E7C8533C1A0649C100478AC0 /* type_mat2x2.inl */,
				E7C8533D1A0649C100478AC0 /* type_mat2x3.hpp */,
				E7C8533E1A0649C100478AC0 /* type_mat2x3.inl */,
				E7C8533F1A0649C100478AC0 /* type_mat2x4.hpp */,
				E7C853401A0649C100478AC0 /* type_mat2x4.inl */,
				E7C853411A0649C100478AC0 /* type_mat3x2.hpp */,
				E7C853421A0649C100478AC0 /* type_mat3x2.inl */,
				E7C853431A0649C100478AC0 /* type_mat3x3.hpp */,
				E7C853441A0649C100478AC0 /* type_mat3x3.inl */,
				E7C853451A0649C100478AC0 /* type_mat3x4.hpp */,
				E7C853461A0649C100478AC0 /* type_mat3x4.inl */,
				E7C853471A0649C100478AC0 /* type_mat4x2.hpp */,
				E7C853481A0649C100478AC0 /* type_mat4x2.inl */,
				E7C853491A0649C100478AC0 /* type_mat4x3.hpp */,
				E7C8534A1A0649C100478AC0 /* type_mat4x3.inl */,
				E7C8534B1A0649C100478AC0 /* type_mat4x4.hpp */,
				E7C8534C1A0649C100478AC0 /* type_mat4x4.inl */,
				E7C8534D1A0649C100478AC0 /* type_vec.hpp */,
				E7C8534E1A0649C100478AC0 /* type_vec.inl */,
				E7C8534F1A0649C100478AC0 /* type_vec1.hpp */,
				E7C853501A0649C100478AC0 /* type_vec1.inl */,
				E7C853511A0649C100478AC0 /* type_vec2.hpp */,
				E7C853521A0649C100478AC0 /* type_vec2.inl */,
				E7C853531A0649C100478AC0 /* type_vec3.hpp */,
				E7C853541A0649C100478AC0 /* type_vec3.inl */,
				E7C853551A0649C100478AC0 /* type_vec4.hpp */,
				E7C853561A0649C100478AC0 /* type_vec4.inl */,
			);
			path = detail;
			sourceTree = "<group>";
		};
		E7C8535C1A0649C100478AC0 /* gtc */ = {
			isa = PBXGroup;
			children = (
				E7C8535D1A0649C100478AC0 /* constants.hpp */,
				E7C8535E1A0649C100478AC0 /* constants.inl */,
				E7C8535F1A0649C100478AC0 /* epsilon.hpp */,
				E7C853601A0649C100478AC0 /* epsilon.inl */,
				E7C853611A0649C100478AC0 /* matrix_access.hpp */,
				E7C853621A0649C100478AC0 /* matrix_access.inl */,
				E7C853631A0649C100478AC0 /* matrix_integer.hpp */,
				E7C853641A0649C100478AC0 /* matrix_inverse.hpp */,
				E7C853651A0649C100478AC0 /* matrix_inverse.inl */,
				E7C853661A0649C100478AC0 /* matrix_transform.hpp */,
				E7C853671A0649C100478AC0 /* matrix_transform.inl */,
				E7C853681A0649C100478AC0 /* noise.hpp */,
				E7C853691A0649C100478AC0 /* noise.inl */,
				E7C8536A1A0649C100478AC0 /* packing.hpp */,
				E7C8536B1A0649C100478AC0 /* packing.inl */,
				E7C8536C1A0649C100478AC0 /* quaternion.hpp */,
				E7C8536D1A0649C100478AC0 /* quaternion.inl */,
				E7C8536E1A0649C100478AC0 /* random.hpp */,
				E7C8536F1A0649C100478AC0 /* random.inl */,
				E7C853701A0649C100478AC0 /* reciprocal.hpp */,
				E7C853711A0649C100478AC0 /* reciprocal.inl */,
				E7C853721A0649C100478AC0 /* type_precision.hpp */,
				E7C853731A0649C100478AC0 /* type_precision.inl */,
				E7C853741A0649C100478AC0 /* type_ptr.hpp */,
				E7C853751A0649C100478AC0 /* type_ptr.inl */,
				E7C853761A0649C100478AC0 /* ulp.hpp */,
				E7C853771A0649C100478AC0 /* ulp.inl */,
			);
			path = gtc;
			sourceTree = "<group>";
		};
		E7C853781A0649C100478AC0 /* gtx */ = {
			isa = PBXGroup;
			children = (
				E7C853791A0649C100478AC0 /* associated_min_max.hpp */,
				E7C8537A1A0649C100478AC0 /* associated_min_max.inl */,
				E7C8537B1A0649C100478AC0 /* bit.hpp */,
				E7C8537C1A0649C100478AC0 /* bit.inl */,
				E7C8537D1A0649C100478AC0 /* closest_point.hpp */,
				E7C8537E1A0649C100478AC0 /* closest_point.inl */,
				E7C8537F1A0649C100478AC0 /* color_space.hpp */,
				E7C853801A0649C100478AC0 /* color_space.inl */,
				E7C853811A0649C100478AC0 /* color_space_YCoCg.hpp */,
				E7C853821A0649C100478AC0 /* color_space_YCoCg.inl */,
				E7C853831A0649C100478AC0 /* compatibility.hpp */,
				E7C853841A0649C100478AC0 /* compatibility.inl */,
				E7C853851A0649C100478AC0 /* component_wise.hpp */,
				E7C853861A0649C100478AC0 /* component_wise.inl */,
				E7C853871A0649C100478AC0 /* constants.hpp */,
				E7C853881A0649C100478AC0 /* dual_quaternion.hpp */,
				E7C853891A0649C100478AC0 /* dual_quaternion.inl */,
				E7C8538A1A0649C100478AC0 /* epsilon.hpp */,
				E7C8538B1A0649C100478AC0 /* euler_angles.hpp */,
				E7C8538C1A0649C100478AC0 /* euler_angles.inl */,
				E7C8538D1A0649C100478AC0 /* extend.hpp */,
				E7C8538E1A0649C100478AC0 /* extend.inl */,
				E7C8538F1A0649C100478AC0 /* extented_min_max.hpp */,
				E7C853901A0649C100478AC0 /* extented_min_max.inl */,
				E7C853911A0649C100478AC0 /* fast_exponential.hpp */,
				E7C853921A0649C100478AC0 /* fast_exponential.inl */,
				E7C853931A0649C100478AC0 /* fast_square_root.hpp */,
				E7C853941A0649C100478AC0 /* fast_square_root.inl */,
				E7C853951A0649C100478AC0 /* fast_trigonometry.hpp */,
				E7C853961A0649C100478AC0 /* fast_trigonometry.inl */,
				E7C853971A0649C100478AC0 /* gradient_paint.hpp */,
				E7C853981A0649C100478AC0 /* gradient_paint.inl */,
				E7C853991A0649C100478AC0 /* handed_coordinate_space.hpp */,
				E7C8539A1A0649C100478AC0 /* handed_coordinate_space.inl */,
				E7C8539B1A0649C100478AC0 /* inertia.hpp */,
				E7C8539C1A0649C100478AC0 /* inertia.inl */,
				E7C8539D1A0649C100478AC0 /* int_10_10_10_2.hpp */,
				E7C8539E1A0649C100478AC0 /* int_10_10_10_2.inl */,
				E7C8539F1A0649C100478AC0 /* integer.hpp */,
				E7C853A01A0649C100478AC0 /* integer.inl */,
				E7C853A11A0649C100478AC0 /* intersect.hpp */,
				E7C853A21A0649C100478AC0 /* intersect.inl */,
				E7C853A31A0649C100478AC0 /* io.hpp */,
				E7C853A41A0649C100478AC0 /* io.inl */,
				E7C853A51A0649C100478AC0 /* log_base.hpp */,
				E7C853A61A0649C100478AC0 /* log_base.inl */,
				E7C853A71A0649C100478AC0 /* matrix_cross_product.hpp */,
				E7C853A81A0649C100478AC0 /* matrix_cross_product.inl */,
				E7C853A91A0649C100478AC0 /* matrix_interpolation.hpp */,
				E7C853AA1A0649C100478AC0 /* matrix_interpolation.inl */,
				E7C853AB1A0649C100478AC0 /* matrix_major_storage.hpp */,
				E7C853AC1A0649C100478AC0 /* matrix_major_storage.inl */,
				E7C853AD1A0649C100478AC0 /* matrix_operation.hpp */,
				E7C853AE1A0649C100478AC0 /* matrix_operation.inl */,
				E7C853AF1A0649C100478AC0 /* matrix_query.hpp */,
				E7C853B01A0649C100478AC0 /* matrix_query.inl */,
				E7C853B11A0649C100478AC0 /* matrix_transform_2d.hpp */,
				E7C853B21A0649C100478AC0 /* matrix_transform_2d.inl */,
				E7C853B31A0649C100478AC0 /* mixed_product.hpp */,
				E7C853B41A0649C100478AC0 /* mixed_product.inl */,
				E7C853B51A0649C100478AC0 /* multiple.hpp */,
				E7C853B61A0649C100478AC0 /* multiple.inl */,
				E7C853B71A0649C100478AC0 /* noise.hpp */,
				E7C853B81A0649C100478AC0 /* norm.hpp */,
				E7C853B91A0649C100478AC0 /* norm.inl */,
				E7C853BA1A0649C100478AC0 /* normal.hpp */,
				E7C853BB1A0649C100478AC0 /* normal.inl */,
				E7C853BC1A0649C100478AC0 /* normalize_dot.hpp */,
				E7C853BD1A0649C100478AC0 /* normalize_dot.inl */,
				E7C853BE1A0649C100478AC0 /* number_precision.hpp */,
				E7C853BF1A0649C100478AC0 /* number_precision.inl */,
				E7C853C01A0649C100478AC0 /* optimum_pow.hpp */,
				E7C853C11A0649C100478AC0 /* optimum_pow.inl */,
				E7C853C21A0649C100478AC0 /* orthonormalize.hpp */,
				E7C853C31A0649C100478AC0 /* orthonormalize.inl */,
				E7C853C41A0649C100478AC0 /* perpendicular.hpp */,
				E7C853C51A0649C100478AC0 /* perpendicular.inl */,
				E7C853C61A0649C100478AC0 /* polar_coordinates.hpp */,
				E7C853C71A0649C100478AC0 /* polar_coordinates.inl */,
				E7C853C81A0649C100478AC0 /* projection.hpp */,
				E7C853C91A0649C100478AC0 /* projection.inl */,
				E7C853CA1A0649C100478AC0 /* quaternion.hpp */,
				E7C853CB1A0649C100478AC0 /* quaternion.inl */,
				E7C853CC1A0649C100478AC0 /* random.hpp */,
				E7C853CD1A0649C100478AC0 /* raw_data.hpp */,
				E7C853CE1A0649C100478AC0 /* raw_data.inl */,
				E7C853CF1A0649C100478AC0 /* reciprocal.hpp */,
				E7C853D01A0649C100478AC0 /* rotate_normalized_axis.hpp */,
				E7C853D11A0649C100478AC0 /* rotate_normalized_axis.inl */,
				E7C853D21A0649C100478AC0 /* rotate_vector.hpp */,
				E7C853D31A0649C100478AC0 /* rotate_vector.inl */,
				E7C853D41A0649C100478AC0 /* scalar_relational.hpp */,
				E7C853D51A0649C100478AC0 /* scalar_relational.inl */,
				E7C853D61A0649C100478AC0 /* simd_mat4.hpp */,
				E7C853D71A0649C100478AC0 /* simd_mat4.inl */,
				E7C853D81A0649C100478AC0 /* simd_quat.hpp */,
				E7C853D91A0649C100478AC0 /* simd_quat.inl */,
				E7C853DA1A0649C100478AC0 /* simd_vec4.hpp */,
				E7C853DB1A0649C100478AC0 /* simd_vec4.inl */,
				E7C853DC1A0649C100478AC0 /* spline.hpp */,
				E7C853DD1A0649C100478AC0 /* spline.inl */,
				E7C853DE1A0649C100478AC0 /* std_based_type.hpp */,
				E7C853DF1A0649C100478AC0 /* std_based_type.inl */,
				E7C853E01A0649C100478AC0 /* string_cast.hpp */,
				E7C853E11A0649C100478AC0 /* string_cast.inl */,
				E7C853E21A0649C100478AC0 /* transform.hpp */,
				E7C853E31A0649C100478AC0 /* transform.inl */,
				E7C853E41A0649C100478AC0 /* transform2.hpp */,
				E7C853E51A0649C100478AC0 /* transform2.inl */,
				E7C853E61A0649C100478AC0 /* ulp.hpp */,
				E7C853E71A0649C100478AC0 /* unsigned_int.hpp */,
				E7C853E81A0649C100478AC0 /* unsigned_int.inl */,
				E7C853E91A0649C100478AC0 /* vec1.hpp */,
				E7C853EA1A0649C100478AC0 /* vec1.inl */,
				E7C853EB1A0649C100478AC0 /* vector_angle.hpp */,
				E7C853EC1A0649C100478AC0 /* vector_angle.inl */,
				E7C853ED1A0649C100478AC0 /* vector_query.hpp */,
				E7C853EE1A0649C100478AC0 /* vector_query.inl */,
				E7C853EF1A0649C100478AC0 /* wrap.hpp */,
				E7C853F01A0649C100478AC0 /* wrap.inl */,
			);
			path = gtx;
			sourceTree = "<group>";
		};
		E7C854AE1A13626600478AC0 /* json */ = {
			isa = PBXGroup;
			children = (
				E7C854AF1A13626600478AC0 /* json-forwards.h */,
				E7C854B01A13626600478AC0 /* json.h */,
				E7C854B11A13626600478AC0 /* jsoncpp.cpp */,
			);
			path = json;
			sourceTree = "<group>";
		};
/* End PBXGroup section */

/* Begin PBXNativeTarget section */
		E7C852A21A0645CD00478AC0 /* Tracker */ = {
			isa = PBXNativeTarget;
			buildConfigurationList = E7C852AA1A0645CD00478AC0 /* Build configuration list for PBXNativeTarget "Tracker" */;
			buildPhases = (
				E7C8529F1A0645CD00478AC0 /* Sources */,
				E7C852A01A0645CD00478AC0 /* Frameworks */,
				E7C852A11A0645CD00478AC0 /* CopyFiles */,
			);
			buildRules = (
			);
			dependencies = (
			);
			name = Tracker;
			productName = Tracker;
			productReference = E7C852A31A0645CD00478AC0 /* Tracker */;
			productType = "com.apple.product-type.tool";
		};
/* End PBXNativeTarget section */

/* Begin PBXProject section */
		E7C8529B1A0645CD00478AC0 /* Project object */ = {
			isa = PBXProject;
			attributes = {
				LastUpgradeCheck = 0610;
				ORGANIZATIONNAME = "mikael korpela";
				TargetAttributes = {
					E7C852A21A0645CD00478AC0 = {
						CreatedOnToolsVersion = 6.1;
					};
				};
			};
			buildConfigurationList = E7C8529E1A0645CD00478AC0 /* Build configuration list for PBXProject "Tracker" */;
			compatibilityVersion = "Xcode 3.2";
			developmentRegion = English;
			hasScannedForEncodings = 0;
			knownRegions = (
				en,
			);
			mainGroup = E7C8529A1A0645CD00478AC0;
			productRefGroup = E7C852A41A0645CD00478AC0 /* Products */;
			projectDirPath = "";
			projectRoot = "";
			targets = (
				E7C852A21A0645CD00478AC0 /* Tracker */,
			);
		};
/* End PBXProject section */

/* Begin PBXSourcesBuildPhase section */
		E7C8529F1A0645CD00478AC0 /* Sources */ = {
			isa = PBXSourcesBuildPhase;
			buildActionMask = 2147483647;
			files = (
				E760EC631A2E546200737A89 /* camera.cpp in Sources */,
				E7B4E07D1A2E7E0D00A7C565 /* config.cpp in Sources */,
				E760EC731A2E546200737A89 /* tgalib.cpp in Sources */,
				E760EC711A2E546200737A89 /* log.cpp in Sources */,
				E760EC701A2E546200737A89 /* init.cpp in Sources */,
				E7B4E09F1A2F7D2000A7C565 /* TinyJS_MathFunctions.cpp in Sources */,
				E7B4E0FA1A39FEE400A7C565 /* README.md in Sources */,
				E760EC691A2E546200737A89 /* blank.cpp in Sources */,
				E7C854B21A13626600478AC0 /* jsoncpp.cpp in Sources */,
				E760EC6E1A2E546200737A89 /* corerandom.cpp in Sources */,
				E7C852A71A0645CD00478AC0 /* main.cpp in Sources */,
				E760EC671A2E546200737A89 /* world.cpp in Sources */,
				E760EC721A2E546200737A89 /* native.cpp in Sources */,
				E760EC751A2E546200737A89 /* pixelformat.cpp in Sources */,
				E760EC6A1A2E546200737A89 /* dev.cpp in Sources */,
				E760EC6D1A2E546200737A89 /* colortools.cpp in Sources */,
				E72BF4EB1A3A5C88002DE8CB /* colorsources.cpp in Sources */,
				E760EC661A2E546200737A89 /* sphere.cpp in Sources */,
				E7B4E09D1A2F7D2000A7C565 /* TinyJS.cpp in Sources */,
				E760EC621A2E546200737A89 /* rayinfo.cpp in Sources */,
				E760EC601A2E546200737A89 /* material.cpp in Sources */,
				E760EC611A2E546200737A89 /* materials.cpp in Sources */,
				E760EC741A2E546200737A89 /* outputvideo.cpp in Sources */,
				E760EC5F1A2E546200737A89 /* intersect.cpp in Sources */,
				E760EC6B1A2E546200737A89 /* legacy.cpp in Sources */,
				E760EC6F1A2E546200737A89 /* helpers.cpp in Sources */,
				E760EC651A2E546200737A89 /* scene.cpp in Sources */,
				E760EC641A2E546200737A89 /* node.cpp in Sources */,
				E760EC5C1A2E546200737A89 /* buffertool.cpp in Sources */,
				E760EC5E1A2E546200737A89 /* hitinfo.cpp in Sources */,
				E7B4E0A41A375B6100A7C565 /* disc.cpp in Sources */,
				E760EC6C1A2E546200737A89 /* tracker.cpp in Sources */,
				E760EC5D1A2E546200737A89 /* colors.cpp in Sources */,
				E7C854021A0649C100478AC0 /* glm.cpp in Sources */,
				E7B4E09E1A2F7D2000A7C565 /* TinyJS_Functions.cpp in Sources */,
				E760EC681A2E546200737A89 /* sceneloader.cpp in Sources */,
			);
			runOnlyForDeploymentPostprocessing = 0;
		};
/* End PBXSourcesBuildPhase section */

/* Begin XCBuildConfiguration section */
		E7C852A81A0645CD00478AC0 /* Debug */ = {
			isa = XCBuildConfiguration;
			buildSettings = {
				ALWAYS_SEARCH_USER_PATHS = YES;
				CLANG_CXX_LANGUAGE_STANDARD = "gnu++0x";
				CLANG_CXX_LIBRARY = "libc++";
				CLANG_ENABLE_MODULES = YES;
				CLANG_ENABLE_OBJC_ARC = YES;
				CLANG_WARN_BOOL_CONVERSION = YES;
				CLANG_WARN_CONSTANT_CONVERSION = YES;
				CLANG_WARN_DIRECT_OBJC_ISA_USAGE = YES_ERROR;
				CLANG_WARN_EMPTY_BODY = YES;
				CLANG_WARN_ENUM_CONVERSION = YES;
				CLANG_WARN_INT_CONVERSION = YES;
				CLANG_WARN_OBJC_ROOT_CLASS = YES_ERROR;
				CLANG_WARN_UNREACHABLE_CODE = YES;
				CLANG_WARN__DUPLICATE_METHOD_MATCH = YES;
				COPY_PHASE_STRIP = NO;
				ENABLE_STRICT_OBJC_MSGSEND = YES;
				GCC_C_LANGUAGE_STANDARD = gnu11;
				GCC_DYNAMIC_NO_PIC = NO;
				GCC_OPTIMIZATION_LEVEL = 0;
				GCC_PREPROCESSOR_DEFINITIONS = (
					"DEBUG=1",
					"$(inherited)",
				);
				GCC_SYMBOLS_PRIVATE_EXTERN = NO;
				GCC_WARN_64_TO_32_BIT_CONVERSION = YES;
				GCC_WARN_ABOUT_RETURN_TYPE = YES_ERROR;
				GCC_WARN_UNDECLARED_SELECTOR = YES;
				GCC_WARN_UNINITIALIZED_AUTOS = YES_AGGRESSIVE;
				GCC_WARN_UNUSED_FUNCTION = YES;
				GCC_WARN_UNUSED_VARIABLE = YES;
				HEADER_SEARCH_PATHS = (
					"$(inherited)",
					/Applications/Xcode.app/Contents/Developer/Toolchains/XcodeDefault.xctoolchain/usr/include,
					Tracker/core,
					Tracker/ext,
				);
				MACOSX_DEPLOYMENT_TARGET = 10.10;
				MTL_ENABLE_DEBUG_INFO = YES;
				ONLY_ACTIVE_ARCH = YES;
				SDKROOT = macosx;
			};
			name = Debug;
		};
		E7C852A91A0645CD00478AC0 /* Release */ = {
			isa = XCBuildConfiguration;
			buildSettings = {
				ALWAYS_SEARCH_USER_PATHS = YES;
				CLANG_CXX_LANGUAGE_STANDARD = "gnu++0x";
				CLANG_CXX_LIBRARY = "libc++";
				CLANG_ENABLE_MODULES = YES;
				CLANG_ENABLE_OBJC_ARC = YES;
				CLANG_WARN_BOOL_CONVERSION = YES;
				CLANG_WARN_CONSTANT_CONVERSION = YES;
				CLANG_WARN_DIRECT_OBJC_ISA_USAGE = YES_ERROR;
				CLANG_WARN_EMPTY_BODY = YES;
				CLANG_WARN_ENUM_CONVERSION = YES;
				CLANG_WARN_INT_CONVERSION = YES;
				CLANG_WARN_OBJC_ROOT_CLASS = YES_ERROR;
				CLANG_WARN_UNREACHABLE_CODE = YES;
				CLANG_WARN__DUPLICATE_METHOD_MATCH = YES;
				COPY_PHASE_STRIP = YES;
				DEBUG_INFORMATION_FORMAT = "dwarf-with-dsym";
				ENABLE_NS_ASSERTIONS = NO;
				ENABLE_STRICT_OBJC_MSGSEND = YES;
				GCC_C_LANGUAGE_STANDARD = gnu11;
				GCC_WARN_64_TO_32_BIT_CONVERSION = YES;
				GCC_WARN_ABOUT_RETURN_TYPE = YES_ERROR;
				GCC_WARN_UNDECLARED_SELECTOR = YES;
				GCC_WARN_UNINITIALIZED_AUTOS = YES_AGGRESSIVE;
				GCC_WARN_UNUSED_FUNCTION = YES;
				GCC_WARN_UNUSED_VARIABLE = YES;
				HEADER_SEARCH_PATHS = (
					"$(inherited)",
					/Applications/Xcode.app/Contents/Developer/Toolchains/XcodeDefault.xctoolchain/usr/include,
					Tracker/core,
					Tracker/ext,
				);
				MACOSX_DEPLOYMENT_TARGET = 10.10;
				MTL_ENABLE_DEBUG_INFO = NO;
				SDKROOT = macosx;
			};
			name = Release;
		};
		E7C852AB1A0645CD00478AC0 /* Debug */ = {
			isa = XCBuildConfiguration;
			buildSettings = {
				PRODUCT_NAME = "$(TARGET_NAME)";
			};
			name = Debug;
		};
		E7C852AC1A0645CD00478AC0 /* Release */ = {
			isa = XCBuildConfiguration;
			buildSettings = {
				PRODUCT_NAME = "$(TARGET_NAME)";
			};
			name = Release;
		};
/* End XCBuildConfiguration section */

/* Begin XCConfigurationList section */
		E7C8529E1A0645CD00478AC0 /* Build configuration list for PBXProject "Tracker" */ = {
			isa = XCConfigurationList;
			buildConfigurations = (
				E7C852A81A0645CD00478AC0 /* Debug */,
				E7C852A91A0645CD00478AC0 /* Release */,
			);
			defaultConfigurationIsVisible = 0;
			defaultConfigurationName = Release;
		};
		E7C852AA1A0645CD00478AC0 /* Build configuration list for PBXNativeTarget "Tracker" */ = {
			isa = XCConfigurationList;
			buildConfigurations = (
				E7C852AB1A0645CD00478AC0 /* Debug */,
				E7C852AC1A0645CD00478AC0 /* Release */,
			);
			defaultConfigurationIsVisible = 0;
			defaultConfigurationName = Release;
		};
/* End XCConfigurationList section */
	};
	rootObject = E7C8529B1A0645CD00478AC0 /* Project object */;
}
