// !$*UTF8*$!
{
	archiveVersion = 1;
	classes = {
	};
	objectVersion = 46;
	objects = {

/* Begin PBXBuildFile section */
		E72BF4F21A409740002DE8CB /* manager.cpp in Sources */ = {isa = PBXBuildFile; fileRef = E72BF4F11A409740002DE8CB /* manager.cpp */; };
		E72BF4FA1A40F7B8002DE8CB /* pattern.png in CopyFiles */ = {isa = PBXBuildFile; fileRef = E72BF4F91A40F7B2002DE8CB /* pattern.png */; };
		E760EC5C1A2E546200737A89 /* buffertool.cpp in Sources */ = {isa = PBXBuildFile; fileRef = E760EC1A1A2E546200737A89 /* buffertool.cpp */; };
		E760EC5E1A2E546200737A89 /* hitinfo.cpp in Sources */ = {isa = PBXBuildFile; fileRef = E760EC1E1A2E546200737A89 /* hitinfo.cpp */; };
		E760EC5F1A2E546200737A89 /* intersect.cpp in Sources */ = {isa = PBXBuildFile; fileRef = E760EC201A2E546200737A89 /* intersect.cpp */; };
		E760EC601A2E546200737A89 /* material.cpp in Sources */ = {isa = PBXBuildFile; fileRef = E760EC241A2E546200737A89 /* material.cpp */; };
		E760EC621A2E546200737A89 /* rayinfo.cpp in Sources */ = {isa = PBXBuildFile; fileRef = E760EC2A1A2E546200737A89 /* rayinfo.cpp */; };
		E760EC631A2E546200737A89 /* camera.cpp in Sources */ = {isa = PBXBuildFile; fileRef = E760EC2D1A2E546200737A89 /* camera.cpp */; };
		E760EC641A2E546200737A89 /* node.cpp in Sources */ = {isa = PBXBuildFile; fileRef = E760EC2F1A2E546200737A89 /* node.cpp */; };
		E760EC651A2E546200737A89 /* scene.cpp in Sources */ = {isa = PBXBuildFile; fileRef = E760EC311A2E546200737A89 /* scene.cpp */; };
		E760EC661A2E546200737A89 /* sphere.cpp in Sources */ = {isa = PBXBuildFile; fileRef = E760EC331A2E546200737A89 /* sphere.cpp */; };
		E760EC671A2E546200737A89 /* world.cpp in Sources */ = {isa = PBXBuildFile; fileRef = E760EC351A2E546200737A89 /* world.cpp */; };
		E760EC681A2E546200737A89 /* sceneloader.cpp in Sources */ = {isa = PBXBuildFile; fileRef = E760EC371A2E546200737A89 /* sceneloader.cpp */; };
		E760EC691A2E546200737A89 /* blank.cpp in Sources */ = {isa = PBXBuildFile; fileRef = E760EC391A2E546200737A89 /* blank.cpp */; };
		E760EC6A1A2E546200737A89 /* dev.cpp in Sources */ = {isa = PBXBuildFile; fileRef = E760EC3A1A2E546200737A89 /* dev.cpp */; };
		E760EC6B1A2E546200737A89 /* legacy.cpp in Sources */ = {isa = PBXBuildFile; fileRef = E760EC3B1A2E546200737A89 /* legacy.cpp */; };
		E760EC6C1A2E546200737A89 /* tracker.cpp in Sources */ = {isa = PBXBuildFile; fileRef = E760EC3E1A2E546200737A89 /* tracker.cpp */; };
		E7B4E07E1A2E84A800A7C565 /* init.js in CopyFiles */ = {isa = PBXBuildFile; fileRef = E760EC121A2DA7BC00737A89 /* init.js */; };
		E7B4E0A11A3526E300A7C565 /* test.json in CopyFiles */ = {isa = PBXBuildFile; fileRef = E7B4E0A01A3526D500A7C565 /* test.json */; };
		E7B4E0A41A375B6100A7C565 /* disc.cpp in Sources */ = {isa = PBXBuildFile; fileRef = E7B4E0A31A375B6100A7C565 /* disc.cpp */; };
		E7C852A71A0645CD00478AC0 /* main.cpp in Sources */ = {isa = PBXBuildFile; fileRef = E7C852A61A0645CD00478AC0 /* main.cpp */; };
		E7C854BD1A15806600478AC0 /* scene.json in CopyFiles */ = {isa = PBXBuildFile; fileRef = E7C854B61A14271F00478AC0 /* scene.json */; };
/* End PBXBuildFile section */

/* Begin PBXCopyFilesBuildPhase section */
		E7C852A11A0645CD00478AC0 /* CopyFiles */ = {
			isa = PBXCopyFilesBuildPhase;
			buildActionMask = 12;
			dstPath = "";
			dstSubfolderSpec = 1;
			files = (
				E72BF4FA1A40F7B8002DE8CB /* pattern.png in CopyFiles */,
				E7B4E0A11A3526E300A7C565 /* test.json in CopyFiles */,
				E7B4E07E1A2E84A800A7C565 /* init.js in CopyFiles */,
				E7C854BD1A15806600478AC0 /* scene.json in CopyFiles */,
			);
			runOnlyForDeploymentPostprocessing = 0;
		};
/* End PBXCopyFilesBuildPhase section */

/* Begin PBXFileReference section */
		E7201F141A5EE84B00839B89 /* todo.txt */ = {isa = PBXFileReference; fileEncoding = 4; lastKnownFileType = text; path = todo.txt; sourceTree = "<group>"; };
		E72BF4F01A409740002DE8CB /* manager */ = {isa = PBXFileReference; explicitFileType = sourcecode.cpp.h; fileEncoding = 4; path = manager; sourceTree = "<group>"; };
		E72BF4F11A409740002DE8CB /* manager.cpp */ = {isa = PBXFileReference; fileEncoding = 4; lastKnownFileType = sourcecode.cpp.cpp; path = manager.cpp; sourceTree = "<group>"; };
		E72BF4F91A40F7B2002DE8CB /* pattern.png */ = {isa = PBXFileReference; lastKnownFileType = image.png; path = pattern.png; sourceTree = "<group>"; };
		E760EC121A2DA7BC00737A89 /* init.js */ = {isa = PBXFileReference; fileEncoding = 4; lastKnownFileType = sourcecode.javascript; path = init.js; sourceTree = "<group>"; };
		E760EC171A2E546200737A89 /* action */ = {isa = PBXFileReference; explicitFileType = sourcecode.cpp.h; fileEncoding = 4; path = action; sourceTree = "<group>"; };
		E760EC191A2E546200737A89 /* buffertool */ = {isa = PBXFileReference; explicitFileType = sourcecode.cpp.h; fileEncoding = 4; path = buffertool; sourceTree = "<group>"; };
		E760EC1A1A2E546200737A89 /* buffertool.cpp */ = {isa = PBXFileReference; fileEncoding = 4; lastKnownFileType = sourcecode.cpp.cpp; path = buffertool.cpp; sourceTree = "<group>"; };
		E760EC1D1A2E546200737A89 /* hitinfo */ = {isa = PBXFileReference; explicitFileType = sourcecode.cpp.h; fileEncoding = 4; path = hitinfo; sourceTree = "<group>"; };
		E760EC1E1A2E546200737A89 /* hitinfo.cpp */ = {isa = PBXFileReference; fileEncoding = 4; lastKnownFileType = sourcecode.cpp.cpp; path = hitinfo.cpp; sourceTree = "<group>"; };
		E760EC1F1A2E546200737A89 /* intersect */ = {isa = PBXFileReference; explicitFileType = sourcecode.cpp.h; fileEncoding = 4; path = intersect; sourceTree = "<group>"; };
		E760EC201A2E546200737A89 /* intersect.cpp */ = {isa = PBXFileReference; fileEncoding = 4; lastKnownFileType = sourcecode.cpp.cpp; path = intersect.cpp; sourceTree = "<group>"; };
		E760EC221A2E546200737A89 /* line */ = {isa = PBXFileReference; explicitFileType = sourcecode.cpp.h; fileEncoding = 4; path = line; sourceTree = "<group>"; };
		E760EC231A2E546200737A89 /* material */ = {isa = PBXFileReference; explicitFileType = sourcecode.cpp.h; fileEncoding = 4; path = material; sourceTree = "<group>"; };
		E760EC241A2E546200737A89 /* material.cpp */ = {isa = PBXFileReference; fileEncoding = 4; lastKnownFileType = sourcecode.cpp.cpp; path = material.cpp; sourceTree = "<group>"; };
		E760EC281A2E546200737A89 /* ray */ = {isa = PBXFileReference; explicitFileType = sourcecode.cpp.h; fileEncoding = 4; path = ray; sourceTree = "<group>"; };
		E760EC291A2E546200737A89 /* rayinfo */ = {isa = PBXFileReference; explicitFileType = sourcecode.cpp.h; fileEncoding = 4; path = rayinfo; sourceTree = "<group>"; };
		E760EC2A1A2E546200737A89 /* rayinfo.cpp */ = {isa = PBXFileReference; fileEncoding = 4; lastKnownFileType = sourcecode.cpp.cpp; path = rayinfo.cpp; sourceTree = "<group>"; };
		E760EC2C1A2E546200737A89 /* camera */ = {isa = PBXFileReference; explicitFileType = sourcecode.cpp.h; fileEncoding = 4; path = camera; sourceTree = "<group>"; };
		E760EC2D1A2E546200737A89 /* camera.cpp */ = {isa = PBXFileReference; fileEncoding = 4; lastKnownFileType = sourcecode.cpp.cpp; path = camera.cpp; sourceTree = "<group>"; };
		E760EC2E1A2E546200737A89 /* node */ = {isa = PBXFileReference; explicitFileType = sourcecode.cpp.h; fileEncoding = 4; path = node; sourceTree = "<group>"; };
		E760EC2F1A2E546200737A89 /* node.cpp */ = {isa = PBXFileReference; fileEncoding = 4; lastKnownFileType = sourcecode.cpp.cpp; path = node.cpp; sourceTree = "<group>"; };
		E760EC301A2E546200737A89 /* scene */ = {isa = PBXFileReference; explicitFileType = sourcecode.cpp.h; fileEncoding = 4; path = scene; sourceTree = "<group>"; };
		E760EC311A2E546200737A89 /* scene.cpp */ = {isa = PBXFileReference; fileEncoding = 4; lastKnownFileType = sourcecode.cpp.cpp; path = scene.cpp; sourceTree = "<group>"; };
		E760EC321A2E546200737A89 /* sphere */ = {isa = PBXFileReference; explicitFileType = sourcecode.cpp.h; fileEncoding = 4; path = sphere; sourceTree = "<group>"; };
		E760EC331A2E546200737A89 /* sphere.cpp */ = {isa = PBXFileReference; fileEncoding = 4; lastKnownFileType = sourcecode.cpp.cpp; path = sphere.cpp; sourceTree = "<group>"; };
		E760EC341A2E546200737A89 /* world */ = {isa = PBXFileReference; explicitFileType = sourcecode.cpp.h; fileEncoding = 4; path = world; sourceTree = "<group>"; };
		E760EC351A2E546200737A89 /* world.cpp */ = {isa = PBXFileReference; fileEncoding = 4; lastKnownFileType = sourcecode.cpp.cpp; path = world.cpp; sourceTree = "<group>"; };
		E760EC361A2E546200737A89 /* sceneloader */ = {isa = PBXFileReference; explicitFileType = sourcecode.cpp.h; fileEncoding = 4; path = sceneloader; sourceTree = "<group>"; };
		E760EC371A2E546200737A89 /* sceneloader.cpp */ = {isa = PBXFileReference; fileEncoding = 4; lastKnownFileType = sourcecode.cpp.cpp; path = sceneloader.cpp; sourceTree = "<group>"; };
		E760EC391A2E546200737A89 /* blank.cpp */ = {isa = PBXFileReference; fileEncoding = 4; lastKnownFileType = sourcecode.cpp.cpp; path = blank.cpp; sourceTree = "<group>"; };
		E760EC3A1A2E546200737A89 /* dev.cpp */ = {isa = PBXFileReference; fileEncoding = 4; lastKnownFileType = sourcecode.cpp.cpp; path = dev.cpp; sourceTree = "<group>"; };
		E760EC3B1A2E546200737A89 /* legacy.cpp */ = {isa = PBXFileReference; fileEncoding = 4; lastKnownFileType = sourcecode.cpp.cpp; path = legacy.cpp; sourceTree = "<group>"; };
		E760EC3C1A2E546200737A89 /* solver */ = {isa = PBXFileReference; explicitFileType = sourcecode.cpp.cpp.preprocessed; fileEncoding = 4; path = solver; sourceTree = "<group>"; };
		E760EC3D1A2E546200737A89 /* tracker */ = {isa = PBXFileReference; explicitFileType = sourcecode.cpp.h; fileEncoding = 4; path = tracker; sourceTree = "<group>"; };
		E760EC3E1A2E546200737A89 /* tracker.cpp */ = {isa = PBXFileReference; fileEncoding = 4; lastKnownFileType = sourcecode.cpp.cpp; path = tracker.cpp; sourceTree = "<group>"; };
		E7B4E0A01A3526D500A7C565 /* test.json */ = {isa = PBXFileReference; fileEncoding = 4; lastKnownFileType = text.json; path = test.json; sourceTree = "<group>"; };
		E7B4E0A21A375B6100A7C565 /* disc */ = {isa = PBXFileReference; explicitFileType = sourcecode.cpp.h; fileEncoding = 4; path = disc; sourceTree = "<group>"; };
		E7B4E0A31A375B6100A7C565 /* disc.cpp */ = {isa = PBXFileReference; fileEncoding = 4; lastKnownFileType = sourcecode.cpp.cpp; path = disc.cpp; sourceTree = "<group>"; };
		E7C852A31A0645CD00478AC0 /* Tracker */ = {isa = PBXFileReference; explicitFileType = "compiled.mach-o.executable"; includeInIndex = 0; path = Tracker; sourceTree = BUILT_PRODUCTS_DIR; };
		E7C852A61A0645CD00478AC0 /* main.cpp */ = {isa = PBXFileReference; lastKnownFileType = sourcecode.cpp.cpp; path = main.cpp; sourceTree = "<group>"; };
		E7C852E01A06463400478AC0 /* defines.h */ = {isa = PBXFileReference; fileEncoding = 4; lastKnownFileType = sourcecode.c.h; path = defines.h; sourceTree = "<group>"; };
		E7C854B61A14271F00478AC0 /* scene.json */ = {isa = PBXFileReference; explicitFileType = text.json; fileEncoding = 4; path = scene.json; sourceTree = "<group>"; };
/* End PBXFileReference section */

/* Begin PBXFrameworksBuildPhase section */
		E7C852A01A0645CD00478AC0 /* Frameworks */ = {
			isa = PBXFrameworksBuildPhase;
			buildActionMask = 2147483647;
			files = (
			);
			runOnlyForDeploymentPostprocessing = 0;
		};
/* End PBXFrameworksBuildPhase section */

/* Begin PBXGroup section */
		E760EC161A2E546200737A89 /* app */ = {
			isa = PBXGroup;
			children = (
				E72BF4F01A409740002DE8CB /* manager */,
				E72BF4F11A409740002DE8CB /* manager.cpp */,
				E760EC171A2E546200737A89 /* action */,
				E760EC191A2E546200737A89 /* buffertool */,
				E760EC1A1A2E546200737A89 /* buffertool.cpp */,
				E760EC1D1A2E546200737A89 /* hitinfo */,
				E760EC1E1A2E546200737A89 /* hitinfo.cpp */,
				E760EC1F1A2E546200737A89 /* intersect */,
				E760EC201A2E546200737A89 /* intersect.cpp */,
				E760EC221A2E546200737A89 /* line */,
				E760EC231A2E546200737A89 /* material */,
				E760EC241A2E546200737A89 /* material.cpp */,
				E760EC281A2E546200737A89 /* ray */,
				E760EC291A2E546200737A89 /* rayinfo */,
				E760EC2A1A2E546200737A89 /* rayinfo.cpp */,
				E760EC2B1A2E546200737A89 /* scene */,
				E760EC361A2E546200737A89 /* sceneloader */,
				E760EC371A2E546200737A89 /* sceneloader.cpp */,
				E760EC381A2E546200737A89 /* solver */,
				E760EC3D1A2E546200737A89 /* tracker */,
				E760EC3E1A2E546200737A89 /* tracker.cpp */,
			);
			path = app;
			sourceTree = "<group>";
		};
		E760EC2B1A2E546200737A89 /* scene */ = {
			isa = PBXGroup;
			children = (
				E7B4E0A21A375B6100A7C565 /* disc */,
				E7B4E0A31A375B6100A7C565 /* disc.cpp */,
				E760EC2C1A2E546200737A89 /* camera */,
				E760EC2D1A2E546200737A89 /* camera.cpp */,
				E760EC2E1A2E546200737A89 /* node */,
				E760EC2F1A2E546200737A89 /* node.cpp */,
				E760EC301A2E546200737A89 /* scene */,
				E760EC311A2E546200737A89 /* scene.cpp */,
				E760EC321A2E546200737A89 /* sphere */,
				E760EC331A2E546200737A89 /* sphere.cpp */,
				E760EC341A2E546200737A89 /* world */,
				E760EC351A2E546200737A89 /* world.cpp */,
			);
			path = scene;
			sourceTree = "<group>";
		};
		E760EC381A2E546200737A89 /* solver */ = {
			isa = PBXGroup;
			children = (
				E760EC391A2E546200737A89 /* blank.cpp */,
				E760EC3A1A2E546200737A89 /* dev.cpp */,
				E760EC3B1A2E546200737A89 /* legacy.cpp */,
				E760EC3C1A2E546200737A89 /* solver */,
			);
			path = solver;
			sourceTree = "<group>";
		};
		E7C8529A1A0645CD00478AC0 = {
			isa = PBXGroup;
			children = (
				E7C852A51A0645CD00478AC0 /* Tracker */,
				E7C852A41A0645CD00478AC0 /* Products */,
			);
			sourceTree = "<group>";
			usesTabs = 1;
		};
		E7C852A41A0645CD00478AC0 /* Products */ = {
			isa = PBXGroup;
			children = (
				E7C852A31A0645CD00478AC0 /* Tracker */,
			);
			name = Products;
			sourceTree = "<group>";
		};
		E7C852A51A0645CD00478AC0 /* Tracker */ = {
			isa = PBXGroup;
			children = (
				E72BF4F91A40F7B2002DE8CB /* pattern.png */,
				E7B4E0A01A3526D500A7C565 /* test.json */,
				E760EC161A2E546200737A89 /* app */,
				E7C852E01A06463400478AC0 /* defines.h */,
				E7C852A61A0645CD00478AC0 /* main.cpp */,
				E7C854B61A14271F00478AC0 /* scene.json */,
				E760EC121A2DA7BC00737A89 /* init.js */,
				E7201F141A5EE84B00839B89 /* todo.txt */,
			);
			path = Tracker;
			sourceTree = "<group>";
		};
/* End PBXGroup section */

/* Begin PBXNativeTarget section */
		E7C852A21A0645CD00478AC0 /* Tracker */ = {
			isa = PBXNativeTarget;
			buildConfigurationList = E7C852AA1A0645CD00478AC0 /* Build configuration list for PBXNativeTarget "Tracker" */;
			buildPhases = (
				E7C8529F1A0645CD00478AC0 /* Sources */,
				E7C852A01A0645CD00478AC0 /* Frameworks */,
				E7C852A11A0645CD00478AC0 /* CopyFiles */,
			);
			buildRules = (
			);
			dependencies = (
			);
			name = Tracker;
			productName = Tracker;
			productReference = E7C852A31A0645CD00478AC0 /* Tracker */;
			productType = "com.apple.product-type.tool";
		};
/* End PBXNativeTarget section */

/* Begin PBXProject section */
		E7C8529B1A0645CD00478AC0 /* Project object */ = {
			isa = PBXProject;
			attributes = {
				LastUpgradeCheck = 0610;
				ORGANIZATIONNAME = "mikael korpela";
				TargetAttributes = {
					E7C852A21A0645CD00478AC0 = {
						CreatedOnToolsVersion = 6.1;
					};
				};
			};
			buildConfigurationList = E7C8529E1A0645CD00478AC0 /* Build configuration list for PBXProject "Tracker" */;
			compatibilityVersion = "Xcode 3.2";
			developmentRegion = English;
			hasScannedForEncodings = 0;
			knownRegions = (
				en,
			);
			mainGroup = E7C8529A1A0645CD00478AC0;
			productRefGroup = E7C852A41A0645CD00478AC0 /* Products */;
			projectDirPath = "";
			projectRoot = "";
			targets = (
				E7C852A21A0645CD00478AC0 /* Tracker */,
			);
		};
/* End PBXProject section */

/* Begin PBXSourcesBuildPhase section */
		E7C8529F1A0645CD00478AC0 /* Sources */ = {
			isa = PBXSourcesBuildPhase;
			buildActionMask = 2147483647;
			files = (
				E760EC631A2E546200737A89 /* camera.cpp in Sources */,
				E760EC691A2E546200737A89 /* blank.cpp in Sources */,
				E7C852A71A0645CD00478AC0 /* main.cpp in Sources */,
				E760EC671A2E546200737A89 /* world.cpp in Sources */,
				E760EC6A1A2E546200737A89 /* dev.cpp in Sources */,
				E760EC661A2E546200737A89 /* sphere.cpp in Sources */,
				E72BF4F21A409740002DE8CB /* manager.cpp in Sources */,
				E760EC621A2E546200737A89 /* rayinfo.cpp in Sources */,
				E760EC601A2E546200737A89 /* material.cpp in Sources */,
				E760EC5F1A2E546200737A89 /* intersect.cpp in Sources */,
				E760EC6B1A2E546200737A89 /* legacy.cpp in Sources */,
				E760EC651A2E546200737A89 /* scene.cpp in Sources */,
				E760EC641A2E546200737A89 /* node.cpp in Sources */,
				E760EC5C1A2E546200737A89 /* buffertool.cpp in Sources */,
				E760EC5E1A2E546200737A89 /* hitinfo.cpp in Sources */,
				E7B4E0A41A375B6100A7C565 /* disc.cpp in Sources */,
				E760EC6C1A2E546200737A89 /* tracker.cpp in Sources */,
				E760EC681A2E546200737A89 /* sceneloader.cpp in Sources */,
			);
			runOnlyForDeploymentPostprocessing = 0;
		};
/* End PBXSourcesBuildPhase section */

/* Begin XCBuildConfiguration section */
		E7C852A81A0645CD00478AC0 /* Debug */ = {
			isa = XCBuildConfiguration;
			buildSettings = {
				ALWAYS_SEARCH_USER_PATHS = YES;
				CLANG_CXX_LANGUAGE_STANDARD = "gnu++0x";
				CLANG_CXX_LIBRARY = "libc++";
				CLANG_ENABLE_MODULES = YES;
				CLANG_ENABLE_OBJC_ARC = YES;
				CLANG_WARN_BOOL_CONVERSION = YES;
				CLANG_WARN_CONSTANT_CONVERSION = YES;
				CLANG_WARN_DIRECT_OBJC_ISA_USAGE = YES_ERROR;
				CLANG_WARN_EMPTY_BODY = YES;
				CLANG_WARN_ENUM_CONVERSION = YES;
				CLANG_WARN_INT_CONVERSION = YES;
				CLANG_WARN_OBJC_ROOT_CLASS = YES_ERROR;
				CLANG_WARN_UNREACHABLE_CODE = YES;
				CLANG_WARN__DUPLICATE_METHOD_MATCH = YES;
				COPY_PHASE_STRIP = NO;
				ENABLE_STRICT_OBJC_MSGSEND = YES;
				GCC_C_LANGUAGE_STANDARD = gnu11;
				GCC_DYNAMIC_NO_PIC = NO;
				GCC_OPTIMIZATION_LEVEL = 0;
				GCC_PREPROCESSOR_DEFINITIONS = (
					"DEBUG=1",
					"$(inherited)",
				);
				GCC_SYMBOLS_PRIVATE_EXTERN = NO;
				GCC_WARN_64_TO_32_BIT_CONVERSION = YES;
				GCC_WARN_ABOUT_RETURN_TYPE = YES_ERROR;
				GCC_WARN_UNDECLARED_SELECTOR = YES;
				GCC_WARN_UNINITIALIZED_AUTOS = YES_AGGRESSIVE;
				GCC_WARN_UNUSED_FUNCTION = YES;
				GCC_WARN_UNUSED_VARIABLE = YES;
				HEADER_SEARCH_PATHS = (
					"$(inherited)",
					/Applications/Xcode.app/Contents/Developer/Toolchains/XcodeDefault.xctoolchain/usr/include,
					Tracker/core,
					Tracker/ext,
				);
				MACOSX_DEPLOYMENT_TARGET = 10.10;
				MTL_ENABLE_DEBUG_INFO = YES;
				ONLY_ACTIVE_ARCH = YES;
				SDKROOT = macosx;
			};
			name = Debug;
		};
		E7C852A91A0645CD00478AC0 /* Release */ = {
			isa = XCBuildConfiguration;
			buildSettings = {
				ALWAYS_SEARCH_USER_PATHS = YES;
				CLANG_CXX_LANGUAGE_STANDARD = "gnu++0x";
				CLANG_CXX_LIBRARY = "libc++";
				CLANG_ENABLE_MODULES = YES;
				CLANG_ENABLE_OBJC_ARC = YES;
				CLANG_WARN_BOOL_CONVERSION = YES;
				CLANG_WARN_CONSTANT_CONVERSION = YES;
				CLANG_WARN_DIRECT_OBJC_ISA_USAGE = YES_ERROR;
				CLANG_WARN_EMPTY_BODY = YES;
				CLANG_WARN_ENUM_CONVERSION = YES;
				CLANG_WARN_INT_CONVERSION = YES;
				CLANG_WARN_OBJC_ROOT_CLASS = YES_ERROR;
				CLANG_WARN_UNREACHABLE_CODE = YES;
				CLANG_WARN__DUPLICATE_METHOD_MATCH = YES;
				COPY_PHASE_STRIP = YES;
				DEBUG_INFORMATION_FORMAT = "dwarf-with-dsym";
				ENABLE_NS_ASSERTIONS = NO;
				ENABLE_STRICT_OBJC_MSGSEND = YES;
				GCC_C_LANGUAGE_STANDARD = gnu11;
				GCC_WARN_64_TO_32_BIT_CONVERSION = YES;
				GCC_WARN_ABOUT_RETURN_TYPE = YES_ERROR;
				GCC_WARN_UNDECLARED_SELECTOR = YES;
				GCC_WARN_UNINITIALIZED_AUTOS = YES_AGGRESSIVE;
				GCC_WARN_UNUSED_FUNCTION = YES;
				GCC_WARN_UNUSED_VARIABLE = YES;
				HEADER_SEARCH_PATHS = (
					"$(inherited)",
					/Applications/Xcode.app/Contents/Developer/Toolchains/XcodeDefault.xctoolchain/usr/include,
					Tracker/core,
					Tracker/ext,
				);
				MACOSX_DEPLOYMENT_TARGET = 10.10;
				MTL_ENABLE_DEBUG_INFO = NO;
				SDKROOT = macosx;
			};
			name = Release;
		};
		E7C852AB1A0645CD00478AC0 /* Debug */ = {
			isa = XCBuildConfiguration;
			buildSettings = {
				PRODUCT_NAME = "$(TARGET_NAME)";
			};
			name = Debug;
		};
		E7C852AC1A0645CD00478AC0 /* Release */ = {
			isa = XCBuildConfiguration;
			buildSettings = {
				PRODUCT_NAME = "$(TARGET_NAME)";
			};
			name = Release;
		};
/* End XCBuildConfiguration section */

/* Begin XCConfigurationList section */
		E7C8529E1A0645CD00478AC0 /* Build configuration list for PBXProject "Tracker" */ = {
			isa = XCConfigurationList;
			buildConfigurations = (
				E7C852A81A0645CD00478AC0 /* Debug */,
				E7C852A91A0645CD00478AC0 /* Release */,
			);
			defaultConfigurationIsVisible = 0;
			defaultConfigurationName = Release;
		};
		E7C852AA1A0645CD00478AC0 /* Build configuration list for PBXNativeTarget "Tracker" */ = {
			isa = XCConfigurationList;
			buildConfigurations = (
				E7C852AB1A0645CD00478AC0 /* Debug */,
				E7C852AC1A0645CD00478AC0 /* Release */,
			);
			defaultConfigurationIsVisible = 0;
			defaultConfigurationName = Release;
		};
/* End XCConfigurationList section */
	};
	rootObject = E7C8529B1A0645CD00478AC0 /* Project object */;
}
